
Microsoft Visual Studio Solution File, Format Version 12.00
# Visual Studio 14
VisualStudioVersion = 14.0.25420.1
MinimumVisualStudioVersion = 10.0.40219.1
Project("{2150E333-8FDC-42A3-9474-1A3956D46DE8}") = "Compiler", "Compiler", "{0E870B29-09DB-43B4-A1DE-B0754EBED941}"
EndProject
Project("{2150E333-8FDC-42A3-9474-1A3956D46DE8}") = "Apps", "Apps", "{664C373F-DAA4-4E03-B250-C64CDCA3C71E}"
EndProject
Project("{FAE04EC0-301F-11D3-BF4B-00C04F79EFBC}") = "peach", "src\Compiler\peach\peach.csproj", "{5CDE7685-F997-4515-86D2-CAE834FF3ED3}"
	ProjectSection(ProjectDependencies) = postProject
		{2B2B4180-5093-4A29-BE59-4D672648988D} = {2B2B4180-5093-4A29-BE59-4D672648988D}
		{262137A5-BB53-4B82-B7B8-E44A9898AE33} = {262137A5-BB53-4B82-B7B8-E44A9898AE33}
		{6B01EDAF-56BD-4302-98FD-EDD81FA2617E} = {6B01EDAF-56BD-4302-98FD-EDD81FA2617E}
	EndProjectSection
EndProject
Project("{FAE04EC0-301F-11D3-BF4B-00C04F79EFBC}") = "runtests", "src\Tools\runtests\runtests.csproj", "{BDE73F7B-8E77-4648-BC17-CAA0F0095D04}"
	ProjectSection(ProjectDependencies) = postProject
		{262137A5-BB53-4B82-B7B8-E44A9898AE33} = {262137A5-BB53-4B82-B7B8-E44A9898AE33}
		{6B01EDAF-56BD-4302-98FD-EDD81FA2617E} = {6B01EDAF-56BD-4302-98FD-EDD81FA2617E}
		{20059EE9-94A7-4DD6-9715-1865F4349EB4} = {20059EE9-94A7-4DD6-9715-1865F4349EB4}
	EndProjectSection
EndProject
Project("{FAE04EC0-301F-11D3-BF4B-00C04F79EFBC}") = "PchpRequestHandler", "src\Runtime\PchpRequestHandler\PchpRequestHandler.csproj", "{F0566051-DB18-4DE4-B3CE-D97C1F96258E}"
	ProjectSection(ProjectDependencies) = postProject
		{262137A5-BB53-4B82-B7B8-E44A9898AE33} = {262137A5-BB53-4B82-B7B8-E44A9898AE33}
	EndProjectSection
EndProject
Project("{8BB2217D-0F2D-49D1-97BC-3654ED321F3B}") = "Peachpie.Runtime", "src\Peachpie.Runtime\Peachpie.Runtime.xproj", "{262137A5-BB53-4B82-B7B8-E44A9898AE33}"
EndProject
Project("{8BB2217D-0F2D-49D1-97BC-3654ED321F3B}") = "Peachpie.NETCore.Web", "src\Peachpie.NETCore.Web\Peachpie.NETCore.Web.xproj", "{039A63A4-9A86-477A-B1C6-1C7172B90F81}"
EndProject
Project("{2150E333-8FDC-42A3-9474-1A3956D46DE8}") = "Samples", "Samples", "{B5FCDBD5-1279-4AFE-B752-7695B1F5F2CF}"
EndProject
Project("{8BB2217D-0F2D-49D1-97BC-3654ED321F3B}") = "ConsoleApplication1", "Samples\ConsoleApplication1\ConsoleApplication1.xproj", "{699DA5DD-11EE-436B-A0AD-40ACB7E94EAD}"
	ProjectSection(ProjectDependencies) = postProject
		{F679A98B-01EE-4A7F-8D56-F0DED48450AF} = {F679A98B-01EE-4A7F-8D56-F0DED48450AF}
	EndProjectSection
EndProject
Project("{8BB2217D-0F2D-49D1-97BC-3654ED321F3B}") = "Peachpie.App", "src\Peachpie.App\Peachpie.App.xproj", "{20059EE9-94A7-4DD6-9715-1865F4349EB4}"
EndProject
Project("{8BB2217D-0F2D-49D1-97BC-3654ED321F3B}") = "Peachpie.Library", "src\Peachpie.Library\Peachpie.Library.xproj", "{6B01EDAF-56BD-4302-98FD-EDD81FA2617E}"
EndProject
Project("{8BB2217D-0F2D-49D1-97BC-3654ED321F3B}") = "Peachpie.Compiler.Tools", "src\Peachpie.Compiler.Tools\Peachpie.Compiler.Tools.xproj", "{F679A98B-01EE-4A7F-8D56-F0DED48450AF}"
EndProject
Project("{8BB2217D-0F2D-49D1-97BC-3654ED321F3B}") = "website", "Samples\website\website.xproj", "{8D4F57AB-BA7E-446F-BBE3-9F2AEA42969D}"
EndProject
Project("{8BB2217D-0F2D-49D1-97BC-3654ED321F3B}") = "WebServerCSharp", "Samples\WebServerCSharp\WebServerCSharp.xproj", "{C69F8A59-0196-4819-84AE-528BA8E32F59}"
EndProject
Project("{8BB2217D-0F2D-49D1-97BC-3654ED321F3B}") = "Peachpie.CodeAnalysis", "src\Peachpie.CodeAnalysis\Peachpie.CodeAnalysis.xproj", "{2B2B4180-5093-4A29-BE59-4D672648988D}"
EndProject
Global
	GlobalSection(SolutionConfigurationPlatforms) = preSolution
		Debug|Any CPU = Debug|Any CPU
		Debug|ARM = Debug|ARM
		Debug|Mixed Platforms = Debug|Mixed Platforms
		Debug|x64 = Debug|x64
		Debug|x86 = Debug|x86
		Release|Any CPU = Release|Any CPU
		Release|ARM = Release|ARM
		Release|Mixed Platforms = Release|Mixed Platforms
		Release|x64 = Release|x64
		Release|x86 = Release|x86
	EndGlobalSection
	GlobalSection(ProjectConfigurationPlatforms) = postSolution
		{5CDE7685-F997-4515-86D2-CAE834FF3ED3}.Debug|Any CPU.ActiveCfg = Debug|Any CPU
		{5CDE7685-F997-4515-86D2-CAE834FF3ED3}.Debug|Any CPU.Build.0 = Debug|Any CPU
		{5CDE7685-F997-4515-86D2-CAE834FF3ED3}.Debug|ARM.ActiveCfg = Debug|Any CPU
		{5CDE7685-F997-4515-86D2-CAE834FF3ED3}.Debug|ARM.Build.0 = Debug|Any CPU
		{5CDE7685-F997-4515-86D2-CAE834FF3ED3}.Debug|Mixed Platforms.ActiveCfg = Debug|Any CPU
		{5CDE7685-F997-4515-86D2-CAE834FF3ED3}.Debug|Mixed Platforms.Build.0 = Debug|Any CPU
		{5CDE7685-F997-4515-86D2-CAE834FF3ED3}.Debug|x64.ActiveCfg = Debug|Any CPU
		{5CDE7685-F997-4515-86D2-CAE834FF3ED3}.Debug|x64.Build.0 = Debug|Any CPU
		{5CDE7685-F997-4515-86D2-CAE834FF3ED3}.Debug|x86.ActiveCfg = Debug|Any CPU
		{5CDE7685-F997-4515-86D2-CAE834FF3ED3}.Debug|x86.Build.0 = Debug|Any CPU
		{5CDE7685-F997-4515-86D2-CAE834FF3ED3}.Release|Any CPU.ActiveCfg = Release|Any CPU
		{5CDE7685-F997-4515-86D2-CAE834FF3ED3}.Release|Any CPU.Build.0 = Release|Any CPU
		{5CDE7685-F997-4515-86D2-CAE834FF3ED3}.Release|ARM.ActiveCfg = Release|Any CPU
		{5CDE7685-F997-4515-86D2-CAE834FF3ED3}.Release|ARM.Build.0 = Release|Any CPU
		{5CDE7685-F997-4515-86D2-CAE834FF3ED3}.Release|Mixed Platforms.ActiveCfg = Release|Any CPU
		{5CDE7685-F997-4515-86D2-CAE834FF3ED3}.Release|Mixed Platforms.Build.0 = Release|Any CPU
		{5CDE7685-F997-4515-86D2-CAE834FF3ED3}.Release|x64.ActiveCfg = Release|Any CPU
		{5CDE7685-F997-4515-86D2-CAE834FF3ED3}.Release|x64.Build.0 = Release|Any CPU
		{5CDE7685-F997-4515-86D2-CAE834FF3ED3}.Release|x86.ActiveCfg = Release|Any CPU
		{5CDE7685-F997-4515-86D2-CAE834FF3ED3}.Release|x86.Build.0 = Release|Any CPU
		{BDE73F7B-8E77-4648-BC17-CAA0F0095D04}.Debug|Any CPU.ActiveCfg = Debug|Any CPU
		{BDE73F7B-8E77-4648-BC17-CAA0F0095D04}.Debug|Any CPU.Build.0 = Debug|Any CPU
		{BDE73F7B-8E77-4648-BC17-CAA0F0095D04}.Debug|ARM.ActiveCfg = Debug|Any CPU
		{BDE73F7B-8E77-4648-BC17-CAA0F0095D04}.Debug|ARM.Build.0 = Debug|Any CPU
		{BDE73F7B-8E77-4648-BC17-CAA0F0095D04}.Debug|Mixed Platforms.ActiveCfg = Debug|Any CPU
		{BDE73F7B-8E77-4648-BC17-CAA0F0095D04}.Debug|Mixed Platforms.Build.0 = Debug|Any CPU
		{BDE73F7B-8E77-4648-BC17-CAA0F0095D04}.Debug|x64.ActiveCfg = Debug|Any CPU
		{BDE73F7B-8E77-4648-BC17-CAA0F0095D04}.Debug|x64.Build.0 = Debug|Any CPU
		{BDE73F7B-8E77-4648-BC17-CAA0F0095D04}.Debug|x86.ActiveCfg = Debug|Any CPU
		{BDE73F7B-8E77-4648-BC17-CAA0F0095D04}.Debug|x86.Build.0 = Debug|Any CPU
		{BDE73F7B-8E77-4648-BC17-CAA0F0095D04}.Release|Any CPU.ActiveCfg = Release|Any CPU
		{BDE73F7B-8E77-4648-BC17-CAA0F0095D04}.Release|Any CPU.Build.0 = Release|Any CPU
		{BDE73F7B-8E77-4648-BC17-CAA0F0095D04}.Release|ARM.ActiveCfg = Release|Any CPU
		{BDE73F7B-8E77-4648-BC17-CAA0F0095D04}.Release|ARM.Build.0 = Release|Any CPU
		{BDE73F7B-8E77-4648-BC17-CAA0F0095D04}.Release|Mixed Platforms.ActiveCfg = Release|Any CPU
		{BDE73F7B-8E77-4648-BC17-CAA0F0095D04}.Release|Mixed Platforms.Build.0 = Release|Any CPU
		{BDE73F7B-8E77-4648-BC17-CAA0F0095D04}.Release|x64.ActiveCfg = Release|Any CPU
		{BDE73F7B-8E77-4648-BC17-CAA0F0095D04}.Release|x64.Build.0 = Release|Any CPU
		{BDE73F7B-8E77-4648-BC17-CAA0F0095D04}.Release|x86.ActiveCfg = Release|Any CPU
		{BDE73F7B-8E77-4648-BC17-CAA0F0095D04}.Release|x86.Build.0 = Release|Any CPU
		{F0566051-DB18-4DE4-B3CE-D97C1F96258E}.Debug|Any CPU.ActiveCfg = Debug|Any CPU
		{F0566051-DB18-4DE4-B3CE-D97C1F96258E}.Debug|Any CPU.Build.0 = Debug|Any CPU
		{F0566051-DB18-4DE4-B3CE-D97C1F96258E}.Debug|ARM.ActiveCfg = Debug|Any CPU
		{F0566051-DB18-4DE4-B3CE-D97C1F96258E}.Debug|ARM.Build.0 = Debug|Any CPU
		{F0566051-DB18-4DE4-B3CE-D97C1F96258E}.Debug|Mixed Platforms.ActiveCfg = Debug|Any CPU
		{F0566051-DB18-4DE4-B3CE-D97C1F96258E}.Debug|Mixed Platforms.Build.0 = Debug|Any CPU
		{F0566051-DB18-4DE4-B3CE-D97C1F96258E}.Debug|x64.ActiveCfg = Debug|Any CPU
		{F0566051-DB18-4DE4-B3CE-D97C1F96258E}.Debug|x64.Build.0 = Debug|Any CPU
		{F0566051-DB18-4DE4-B3CE-D97C1F96258E}.Debug|x86.ActiveCfg = Debug|Any CPU
		{F0566051-DB18-4DE4-B3CE-D97C1F96258E}.Debug|x86.Build.0 = Debug|Any CPU
		{F0566051-DB18-4DE4-B3CE-D97C1F96258E}.Release|Any CPU.ActiveCfg = Release|Any CPU
		{F0566051-DB18-4DE4-B3CE-D97C1F96258E}.Release|Any CPU.Build.0 = Release|Any CPU
		{F0566051-DB18-4DE4-B3CE-D97C1F96258E}.Release|ARM.ActiveCfg = Release|Any CPU
		{F0566051-DB18-4DE4-B3CE-D97C1F96258E}.Release|ARM.Build.0 = Release|Any CPU
		{F0566051-DB18-4DE4-B3CE-D97C1F96258E}.Release|Mixed Platforms.ActiveCfg = Release|Any CPU
		{F0566051-DB18-4DE4-B3CE-D97C1F96258E}.Release|Mixed Platforms.Build.0 = Release|Any CPU
		{F0566051-DB18-4DE4-B3CE-D97C1F96258E}.Release|x64.ActiveCfg = Release|Any CPU
		{F0566051-DB18-4DE4-B3CE-D97C1F96258E}.Release|x64.Build.0 = Release|Any CPU
		{F0566051-DB18-4DE4-B3CE-D97C1F96258E}.Release|x86.ActiveCfg = Release|Any CPU
		{F0566051-DB18-4DE4-B3CE-D97C1F96258E}.Release|x86.Build.0 = Release|Any CPU
		{262137A5-BB53-4B82-B7B8-E44A9898AE33}.Debug|Any CPU.ActiveCfg = Debug|Any CPU
		{262137A5-BB53-4B82-B7B8-E44A9898AE33}.Debug|Any CPU.Build.0 = Debug|Any CPU
		{262137A5-BB53-4B82-B7B8-E44A9898AE33}.Debug|ARM.ActiveCfg = Debug|Any CPU
		{262137A5-BB53-4B82-B7B8-E44A9898AE33}.Debug|ARM.Build.0 = Debug|Any CPU
		{262137A5-BB53-4B82-B7B8-E44A9898AE33}.Debug|Mixed Platforms.ActiveCfg = Debug|Any CPU
		{262137A5-BB53-4B82-B7B8-E44A9898AE33}.Debug|Mixed Platforms.Build.0 = Debug|Any CPU
		{262137A5-BB53-4B82-B7B8-E44A9898AE33}.Debug|x64.ActiveCfg = Debug|Any CPU
		{262137A5-BB53-4B82-B7B8-E44A9898AE33}.Debug|x64.Build.0 = Debug|Any CPU
		{262137A5-BB53-4B82-B7B8-E44A9898AE33}.Debug|x86.ActiveCfg = Debug|Any CPU
		{262137A5-BB53-4B82-B7B8-E44A9898AE33}.Debug|x86.Build.0 = Debug|Any CPU
		{262137A5-BB53-4B82-B7B8-E44A9898AE33}.Release|Any CPU.ActiveCfg = Release|Any CPU
		{262137A5-BB53-4B82-B7B8-E44A9898AE33}.Release|Any CPU.Build.0 = Release|Any CPU
		{262137A5-BB53-4B82-B7B8-E44A9898AE33}.Release|ARM.ActiveCfg = Release|Any CPU
		{262137A5-BB53-4B82-B7B8-E44A9898AE33}.Release|ARM.Build.0 = Release|Any CPU
		{262137A5-BB53-4B82-B7B8-E44A9898AE33}.Release|Mixed Platforms.ActiveCfg = Release|Any CPU
		{262137A5-BB53-4B82-B7B8-E44A9898AE33}.Release|Mixed Platforms.Build.0 = Release|Any CPU
		{262137A5-BB53-4B82-B7B8-E44A9898AE33}.Release|x64.ActiveCfg = Release|Any CPU
		{262137A5-BB53-4B82-B7B8-E44A9898AE33}.Release|x64.Build.0 = Release|Any CPU
		{262137A5-BB53-4B82-B7B8-E44A9898AE33}.Release|x86.ActiveCfg = Release|Any CPU
		{262137A5-BB53-4B82-B7B8-E44A9898AE33}.Release|x86.Build.0 = Release|Any CPU
		{039A63A4-9A86-477A-B1C6-1C7172B90F81}.Debug|Any CPU.ActiveCfg = Debug|Any CPU
		{039A63A4-9A86-477A-B1C6-1C7172B90F81}.Debug|Any CPU.Build.0 = Debug|Any CPU
		{039A63A4-9A86-477A-B1C6-1C7172B90F81}.Debug|ARM.ActiveCfg = Debug|Any CPU
		{039A63A4-9A86-477A-B1C6-1C7172B90F81}.Debug|ARM.Build.0 = Debug|Any CPU
		{039A63A4-9A86-477A-B1C6-1C7172B90F81}.Debug|Mixed Platforms.ActiveCfg = Debug|Any CPU
		{039A63A4-9A86-477A-B1C6-1C7172B90F81}.Debug|Mixed Platforms.Build.0 = Debug|Any CPU
		{039A63A4-9A86-477A-B1C6-1C7172B90F81}.Debug|x64.ActiveCfg = Debug|Any CPU
		{039A63A4-9A86-477A-B1C6-1C7172B90F81}.Debug|x64.Build.0 = Debug|Any CPU
		{039A63A4-9A86-477A-B1C6-1C7172B90F81}.Debug|x86.ActiveCfg = Debug|Any CPU
		{039A63A4-9A86-477A-B1C6-1C7172B90F81}.Debug|x86.Build.0 = Debug|Any CPU
		{039A63A4-9A86-477A-B1C6-1C7172B90F81}.Release|Any CPU.ActiveCfg = Release|Any CPU
		{039A63A4-9A86-477A-B1C6-1C7172B90F81}.Release|Any CPU.Build.0 = Release|Any CPU
		{039A63A4-9A86-477A-B1C6-1C7172B90F81}.Release|ARM.ActiveCfg = Release|Any CPU
		{039A63A4-9A86-477A-B1C6-1C7172B90F81}.Release|ARM.Build.0 = Release|Any CPU
		{039A63A4-9A86-477A-B1C6-1C7172B90F81}.Release|Mixed Platforms.ActiveCfg = Release|Any CPU
		{039A63A4-9A86-477A-B1C6-1C7172B90F81}.Release|Mixed Platforms.Build.0 = Release|Any CPU
		{039A63A4-9A86-477A-B1C6-1C7172B90F81}.Release|x64.ActiveCfg = Release|Any CPU
		{039A63A4-9A86-477A-B1C6-1C7172B90F81}.Release|x64.Build.0 = Release|Any CPU
		{039A63A4-9A86-477A-B1C6-1C7172B90F81}.Release|x86.ActiveCfg = Release|Any CPU
		{039A63A4-9A86-477A-B1C6-1C7172B90F81}.Release|x86.Build.0 = Release|Any CPU
		{699DA5DD-11EE-436B-A0AD-40ACB7E94EAD}.Debug|Any CPU.ActiveCfg = Debug|Any CPU
		{699DA5DD-11EE-436B-A0AD-40ACB7E94EAD}.Debug|Any CPU.Build.0 = Debug|Any CPU
		{699DA5DD-11EE-436B-A0AD-40ACB7E94EAD}.Debug|ARM.ActiveCfg = Debug|Any CPU
		{699DA5DD-11EE-436B-A0AD-40ACB7E94EAD}.Debug|ARM.Build.0 = Debug|Any CPU
		{699DA5DD-11EE-436B-A0AD-40ACB7E94EAD}.Debug|Mixed Platforms.ActiveCfg = Debug|Any CPU
		{699DA5DD-11EE-436B-A0AD-40ACB7E94EAD}.Debug|Mixed Platforms.Build.0 = Debug|Any CPU
		{699DA5DD-11EE-436B-A0AD-40ACB7E94EAD}.Debug|x64.ActiveCfg = Debug|Any CPU
		{699DA5DD-11EE-436B-A0AD-40ACB7E94EAD}.Debug|x64.Build.0 = Debug|Any CPU
		{699DA5DD-11EE-436B-A0AD-40ACB7E94EAD}.Debug|x86.ActiveCfg = Debug|Any CPU
		{699DA5DD-11EE-436B-A0AD-40ACB7E94EAD}.Debug|x86.Build.0 = Debug|Any CPU
		{699DA5DD-11EE-436B-A0AD-40ACB7E94EAD}.Release|Any CPU.ActiveCfg = Release|Any CPU
		{699DA5DD-11EE-436B-A0AD-40ACB7E94EAD}.Release|Any CPU.Build.0 = Release|Any CPU
		{699DA5DD-11EE-436B-A0AD-40ACB7E94EAD}.Release|ARM.ActiveCfg = Release|Any CPU
		{699DA5DD-11EE-436B-A0AD-40ACB7E94EAD}.Release|ARM.Build.0 = Release|Any CPU
		{699DA5DD-11EE-436B-A0AD-40ACB7E94EAD}.Release|Mixed Platforms.ActiveCfg = Release|Any CPU
		{699DA5DD-11EE-436B-A0AD-40ACB7E94EAD}.Release|Mixed Platforms.Build.0 = Release|Any CPU
		{699DA5DD-11EE-436B-A0AD-40ACB7E94EAD}.Release|x64.ActiveCfg = Release|Any CPU
		{699DA5DD-11EE-436B-A0AD-40ACB7E94EAD}.Release|x64.Build.0 = Release|Any CPU
		{699DA5DD-11EE-436B-A0AD-40ACB7E94EAD}.Release|x86.ActiveCfg = Release|Any CPU
		{699DA5DD-11EE-436B-A0AD-40ACB7E94EAD}.Release|x86.Build.0 = Release|Any CPU
		{20059EE9-94A7-4DD6-9715-1865F4349EB4}.Debug|Any CPU.ActiveCfg = Debug|Any CPU
		{20059EE9-94A7-4DD6-9715-1865F4349EB4}.Debug|Any CPU.Build.0 = Debug|Any CPU
		{20059EE9-94A7-4DD6-9715-1865F4349EB4}.Debug|ARM.ActiveCfg = Debug|Any CPU
		{20059EE9-94A7-4DD6-9715-1865F4349EB4}.Debug|ARM.Build.0 = Debug|Any CPU
		{20059EE9-94A7-4DD6-9715-1865F4349EB4}.Debug|Mixed Platforms.ActiveCfg = Debug|Any CPU
		{20059EE9-94A7-4DD6-9715-1865F4349EB4}.Debug|Mixed Platforms.Build.0 = Debug|Any CPU
		{20059EE9-94A7-4DD6-9715-1865F4349EB4}.Debug|x64.ActiveCfg = Debug|Any CPU
		{20059EE9-94A7-4DD6-9715-1865F4349EB4}.Debug|x64.Build.0 = Debug|Any CPU
		{20059EE9-94A7-4DD6-9715-1865F4349EB4}.Debug|x86.ActiveCfg = Debug|Any CPU
		{20059EE9-94A7-4DD6-9715-1865F4349EB4}.Debug|x86.Build.0 = Debug|Any CPU
		{20059EE9-94A7-4DD6-9715-1865F4349EB4}.Release|Any CPU.ActiveCfg = Release|Any CPU
		{20059EE9-94A7-4DD6-9715-1865F4349EB4}.Release|Any CPU.Build.0 = Release|Any CPU
		{20059EE9-94A7-4DD6-9715-1865F4349EB4}.Release|ARM.ActiveCfg = Release|Any CPU
		{20059EE9-94A7-4DD6-9715-1865F4349EB4}.Release|ARM.Build.0 = Release|Any CPU
		{20059EE9-94A7-4DD6-9715-1865F4349EB4}.Release|Mixed Platforms.ActiveCfg = Release|Any CPU
		{20059EE9-94A7-4DD6-9715-1865F4349EB4}.Release|Mixed Platforms.Build.0 = Release|Any CPU
		{20059EE9-94A7-4DD6-9715-1865F4349EB4}.Release|x64.ActiveCfg = Release|Any CPU
		{20059EE9-94A7-4DD6-9715-1865F4349EB4}.Release|x64.Build.0 = Release|Any CPU
		{20059EE9-94A7-4DD6-9715-1865F4349EB4}.Release|x86.ActiveCfg = Release|Any CPU
		{20059EE9-94A7-4DD6-9715-1865F4349EB4}.Release|x86.Build.0 = Release|Any CPU
		{6B01EDAF-56BD-4302-98FD-EDD81FA2617E}.Debug|Any CPU.ActiveCfg = Debug|Any CPU
		{6B01EDAF-56BD-4302-98FD-EDD81FA2617E}.Debug|Any CPU.Build.0 = Debug|Any CPU
		{6B01EDAF-56BD-4302-98FD-EDD81FA2617E}.Debug|ARM.ActiveCfg = Debug|Any CPU
		{6B01EDAF-56BD-4302-98FD-EDD81FA2617E}.Debug|ARM.Build.0 = Debug|Any CPU
		{6B01EDAF-56BD-4302-98FD-EDD81FA2617E}.Debug|Mixed Platforms.ActiveCfg = Debug|Any CPU
		{6B01EDAF-56BD-4302-98FD-EDD81FA2617E}.Debug|Mixed Platforms.Build.0 = Debug|Any CPU
		{6B01EDAF-56BD-4302-98FD-EDD81FA2617E}.Debug|x64.ActiveCfg = Debug|Any CPU
		{6B01EDAF-56BD-4302-98FD-EDD81FA2617E}.Debug|x64.Build.0 = Debug|Any CPU
		{6B01EDAF-56BD-4302-98FD-EDD81FA2617E}.Debug|x86.ActiveCfg = Debug|Any CPU
		{6B01EDAF-56BD-4302-98FD-EDD81FA2617E}.Debug|x86.Build.0 = Debug|Any CPU
		{6B01EDAF-56BD-4302-98FD-EDD81FA2617E}.Release|Any CPU.ActiveCfg = Release|Any CPU
		{6B01EDAF-56BD-4302-98FD-EDD81FA2617E}.Release|Any CPU.Build.0 = Release|Any CPU
		{6B01EDAF-56BD-4302-98FD-EDD81FA2617E}.Release|ARM.ActiveCfg = Release|Any CPU
		{6B01EDAF-56BD-4302-98FD-EDD81FA2617E}.Release|ARM.Build.0 = Release|Any CPU
		{6B01EDAF-56BD-4302-98FD-EDD81FA2617E}.Release|Mixed Platforms.ActiveCfg = Release|Any CPU
		{6B01EDAF-56BD-4302-98FD-EDD81FA2617E}.Release|Mixed Platforms.Build.0 = Release|Any CPU
		{6B01EDAF-56BD-4302-98FD-EDD81FA2617E}.Release|x64.ActiveCfg = Release|Any CPU
		{6B01EDAF-56BD-4302-98FD-EDD81FA2617E}.Release|x64.Build.0 = Release|Any CPU
		{6B01EDAF-56BD-4302-98FD-EDD81FA2617E}.Release|x86.ActiveCfg = Release|Any CPU
		{6B01EDAF-56BD-4302-98FD-EDD81FA2617E}.Release|x86.Build.0 = Release|Any CPU
		{F679A98B-01EE-4A7F-8D56-F0DED48450AF}.Debug|Any CPU.ActiveCfg = Debug|Any CPU
		{F679A98B-01EE-4A7F-8D56-F0DED48450AF}.Debug|Any CPU.Build.0 = Debug|Any CPU
		{F679A98B-01EE-4A7F-8D56-F0DED48450AF}.Debug|ARM.ActiveCfg = Debug|Any CPU
		{F679A98B-01EE-4A7F-8D56-F0DED48450AF}.Debug|ARM.Build.0 = Debug|Any CPU
		{F679A98B-01EE-4A7F-8D56-F0DED48450AF}.Debug|Mixed Platforms.ActiveCfg = Debug|Any CPU
		{F679A98B-01EE-4A7F-8D56-F0DED48450AF}.Debug|Mixed Platforms.Build.0 = Debug|Any CPU
		{F679A98B-01EE-4A7F-8D56-F0DED48450AF}.Debug|x64.ActiveCfg = Debug|Any CPU
		{F679A98B-01EE-4A7F-8D56-F0DED48450AF}.Debug|x64.Build.0 = Debug|Any CPU
		{F679A98B-01EE-4A7F-8D56-F0DED48450AF}.Debug|x86.ActiveCfg = Debug|Any CPU
		{F679A98B-01EE-4A7F-8D56-F0DED48450AF}.Debug|x86.Build.0 = Debug|Any CPU
		{F679A98B-01EE-4A7F-8D56-F0DED48450AF}.Release|Any CPU.ActiveCfg = Release|Any CPU
		{F679A98B-01EE-4A7F-8D56-F0DED48450AF}.Release|Any CPU.Build.0 = Release|Any CPU
		{F679A98B-01EE-4A7F-8D56-F0DED48450AF}.Release|ARM.ActiveCfg = Release|Any CPU
		{F679A98B-01EE-4A7F-8D56-F0DED48450AF}.Release|ARM.Build.0 = Release|Any CPU
		{F679A98B-01EE-4A7F-8D56-F0DED48450AF}.Release|Mixed Platforms.ActiveCfg = Release|Any CPU
		{F679A98B-01EE-4A7F-8D56-F0DED48450AF}.Release|Mixed Platforms.Build.0 = Release|Any CPU
		{F679A98B-01EE-4A7F-8D56-F0DED48450AF}.Release|x64.ActiveCfg = Release|Any CPU
		{F679A98B-01EE-4A7F-8D56-F0DED48450AF}.Release|x64.Build.0 = Release|Any CPU
		{F679A98B-01EE-4A7F-8D56-F0DED48450AF}.Release|x86.ActiveCfg = Release|Any CPU
		{F679A98B-01EE-4A7F-8D56-F0DED48450AF}.Release|x86.Build.0 = Release|Any CPU
		{8D4F57AB-BA7E-446F-BBE3-9F2AEA42969D}.Debug|Any CPU.ActiveCfg = Debug|Any CPU
		{8D4F57AB-BA7E-446F-BBE3-9F2AEA42969D}.Debug|Any CPU.Build.0 = Debug|Any CPU
		{8D4F57AB-BA7E-446F-BBE3-9F2AEA42969D}.Debug|ARM.ActiveCfg = Debug|Any CPU
		{8D4F57AB-BA7E-446F-BBE3-9F2AEA42969D}.Debug|ARM.Build.0 = Debug|Any CPU
		{8D4F57AB-BA7E-446F-BBE3-9F2AEA42969D}.Debug|Mixed Platforms.ActiveCfg = Debug|Any CPU
		{8D4F57AB-BA7E-446F-BBE3-9F2AEA42969D}.Debug|Mixed Platforms.Build.0 = Debug|Any CPU
		{8D4F57AB-BA7E-446F-BBE3-9F2AEA42969D}.Debug|x64.ActiveCfg = Debug|Any CPU
		{8D4F57AB-BA7E-446F-BBE3-9F2AEA42969D}.Debug|x64.Build.0 = Debug|Any CPU
		{8D4F57AB-BA7E-446F-BBE3-9F2AEA42969D}.Debug|x86.ActiveCfg = Debug|Any CPU
		{8D4F57AB-BA7E-446F-BBE3-9F2AEA42969D}.Debug|x86.Build.0 = Debug|Any CPU
		{8D4F57AB-BA7E-446F-BBE3-9F2AEA42969D}.Release|Any CPU.ActiveCfg = Release|Any CPU
		{8D4F57AB-BA7E-446F-BBE3-9F2AEA42969D}.Release|Any CPU.Build.0 = Release|Any CPU
		{8D4F57AB-BA7E-446F-BBE3-9F2AEA42969D}.Release|ARM.ActiveCfg = Release|Any CPU
		{8D4F57AB-BA7E-446F-BBE3-9F2AEA42969D}.Release|ARM.Build.0 = Release|Any CPU
		{8D4F57AB-BA7E-446F-BBE3-9F2AEA42969D}.Release|Mixed Platforms.ActiveCfg = Release|Any CPU
		{8D4F57AB-BA7E-446F-BBE3-9F2AEA42969D}.Release|Mixed Platforms.Build.0 = Release|Any CPU
		{8D4F57AB-BA7E-446F-BBE3-9F2AEA42969D}.Release|x64.ActiveCfg = Release|Any CPU
		{8D4F57AB-BA7E-446F-BBE3-9F2AEA42969D}.Release|x64.Build.0 = Release|Any CPU
		{8D4F57AB-BA7E-446F-BBE3-9F2AEA42969D}.Release|x86.ActiveCfg = Release|Any CPU
		{8D4F57AB-BA7E-446F-BBE3-9F2AEA42969D}.Release|x86.Build.0 = Release|Any CPU
		{C69F8A59-0196-4819-84AE-528BA8E32F59}.Debug|Any CPU.ActiveCfg = Debug|Any CPU
		{C69F8A59-0196-4819-84AE-528BA8E32F59}.Debug|Any CPU.Build.0 = Debug|Any CPU
		{C69F8A59-0196-4819-84AE-528BA8E32F59}.Debug|ARM.ActiveCfg = Debug|Any CPU
		{C69F8A59-0196-4819-84AE-528BA8E32F59}.Debug|ARM.Build.0 = Debug|Any CPU
		{C69F8A59-0196-4819-84AE-528BA8E32F59}.Debug|Mixed Platforms.ActiveCfg = Debug|Any CPU
		{C69F8A59-0196-4819-84AE-528BA8E32F59}.Debug|Mixed Platforms.Build.0 = Debug|Any CPU
		{C69F8A59-0196-4819-84AE-528BA8E32F59}.Debug|x64.ActiveCfg = Debug|Any CPU
		{C69F8A59-0196-4819-84AE-528BA8E32F59}.Debug|x64.Build.0 = Debug|Any CPU
		{C69F8A59-0196-4819-84AE-528BA8E32F59}.Debug|x86.ActiveCfg = Debug|Any CPU
		{C69F8A59-0196-4819-84AE-528BA8E32F59}.Debug|x86.Build.0 = Debug|Any CPU
		{C69F8A59-0196-4819-84AE-528BA8E32F59}.Release|Any CPU.ActiveCfg = Release|Any CPU
		{C69F8A59-0196-4819-84AE-528BA8E32F59}.Release|Any CPU.Build.0 = Release|Any CPU
		{C69F8A59-0196-4819-84AE-528BA8E32F59}.Release|ARM.ActiveCfg = Release|Any CPU
		{C69F8A59-0196-4819-84AE-528BA8E32F59}.Release|ARM.Build.0 = Release|Any CPU
		{C69F8A59-0196-4819-84AE-528BA8E32F59}.Release|Mixed Platforms.ActiveCfg = Release|Any CPU
		{C69F8A59-0196-4819-84AE-528BA8E32F59}.Release|Mixed Platforms.Build.0 = Release|Any CPU
		{C69F8A59-0196-4819-84AE-528BA8E32F59}.Release|x64.ActiveCfg = Release|Any CPU
		{C69F8A59-0196-4819-84AE-528BA8E32F59}.Release|x64.Build.0 = Release|Any CPU
		{C69F8A59-0196-4819-84AE-528BA8E32F59}.Release|x86.ActiveCfg = Release|Any CPU
		{C69F8A59-0196-4819-84AE-528BA8E32F59}.Release|x86.Build.0 = Release|Any CPU
		{2B2B4180-5093-4A29-BE59-4D672648988D}.Debug|Any CPU.ActiveCfg = Debug|Any CPU
		{2B2B4180-5093-4A29-BE59-4D672648988D}.Debug|Any CPU.Build.0 = Debug|Any CPU
		{2B2B4180-5093-4A29-BE59-4D672648988D}.Debug|ARM.ActiveCfg = Debug|Any CPU
		{2B2B4180-5093-4A29-BE59-4D672648988D}.Debug|ARM.Build.0 = Debug|Any CPU
		{2B2B4180-5093-4A29-BE59-4D672648988D}.Debug|Mixed Platforms.ActiveCfg = Debug|Any CPU
		{2B2B4180-5093-4A29-BE59-4D672648988D}.Debug|Mixed Platforms.Build.0 = Debug|Any CPU
		{2B2B4180-5093-4A29-BE59-4D672648988D}.Debug|x64.ActiveCfg = Debug|Any CPU
		{2B2B4180-5093-4A29-BE59-4D672648988D}.Debug|x64.Build.0 = Debug|Any CPU
		{2B2B4180-5093-4A29-BE59-4D672648988D}.Debug|x86.ActiveCfg = Debug|Any CPU
		{2B2B4180-5093-4A29-BE59-4D672648988D}.Debug|x86.Build.0 = Debug|Any CPU
		{2B2B4180-5093-4A29-BE59-4D672648988D}.Release|Any CPU.ActiveCfg = Release|Any CPU
		{2B2B4180-5093-4A29-BE59-4D672648988D}.Release|Any CPU.Build.0 = Release|Any CPU
		{2B2B4180-5093-4A29-BE59-4D672648988D}.Release|ARM.ActiveCfg = Release|Any CPU
		{2B2B4180-5093-4A29-BE59-4D672648988D}.Release|ARM.Build.0 = Release|Any CPU
		{2B2B4180-5093-4A29-BE59-4D672648988D}.Release|Mixed Platforms.ActiveCfg = Release|Any CPU
		{2B2B4180-5093-4A29-BE59-4D672648988D}.Release|Mixed Platforms.Build.0 = Release|Any CPU
		{2B2B4180-5093-4A29-BE59-4D672648988D}.Release|x64.ActiveCfg = Release|Any CPU
		{2B2B4180-5093-4A29-BE59-4D672648988D}.Release|x64.Build.0 = Release|Any CPU
		{2B2B4180-5093-4A29-BE59-4D672648988D}.Release|x86.ActiveCfg = Release|Any CPU
		{2B2B4180-5093-4A29-BE59-4D672648988D}.Release|x86.Build.0 = Release|Any CPU
	EndGlobalSection
	GlobalSection(SolutionProperties) = preSolution
		HideSolutionNode = FALSE
	EndGlobalSection
	GlobalSection(NestedProjects) = preSolution
		{5CDE7685-F997-4515-86D2-CAE834FF3ED3} = {664C373F-DAA4-4E03-B250-C64CDCA3C71E}
		{BDE73F7B-8E77-4648-BC17-CAA0F0095D04} = {664C373F-DAA4-4E03-B250-C64CDCA3C71E}
		{F0566051-DB18-4DE4-B3CE-D97C1F96258E} = {0E870B29-09DB-43B4-A1DE-B0754EBED941}
		{699DA5DD-11EE-436B-A0AD-40ACB7E94EAD} = {B5FCDBD5-1279-4AFE-B752-7695B1F5F2CF}
		{8D4F57AB-BA7E-446F-BBE3-9F2AEA42969D} = {B5FCDBD5-1279-4AFE-B752-7695B1F5F2CF}
		{C69F8A59-0196-4819-84AE-528BA8E32F59} = {B5FCDBD5-1279-4AFE-B752-7695B1F5F2CF}
		{2B2B4180-5093-4A29-BE59-4D672648988D} = {0E870B29-09DB-43B4-A1DE-B0754EBED941}
	EndGlobalSection
EndGlobal
