
Microsoft Visual Studio Solution File, Format Version 12.00
# Visual Studio 14
VisualStudioVersion = 14.0.25420.1
MinimumVisualStudioVersion = 10.0.40219.1
Project("{2150E333-8FDC-42A3-9474-1A3956D46DE8}") = "Compiler", "Compiler", "{0E870B29-09DB-43B4-A1DE-B0754EBED941}"
EndProject
Project("{D954291E-2A0B-460D-934E-DC6B0785DB48}") = "SharedCollections", "roslyn @ 33e2491\src\Compilers\Core\SharedCollections\SharedCollections.shproj", "{C1930979-C824-496B-A630-70F5369A636F}"
EndProject
Project("{FAE04EC0-301F-11D3-BF4B-00C04F79EFBC}") = "CodeAnalysis", "roslyn @ 33e2491\src\Compilers\Core\Portable\CodeAnalysis.csproj", "{1EE8CAD3-55F9-4D91-96B2-084641DA9A6C}"
EndProject
Project("{FAE04EC0-301F-11D3-BF4B-00C04F79EFBC}") = "PhpSyntax", "src\Compiler\PhpSyntax\PhpSyntax.csproj", "{3775018B-7F9F-4CB1-8B0A-18CFB589A54B}"
EndProject
Project("{FAE04EC0-301F-11D3-BF4B-00C04F79EFBC}") = "PhpCodeAnalysis", "src\Compiler\PhpCodeAnalysis\PhpCodeAnalysis.csproj", "{1A060993-2FED-42C2-A9BB-1EF9DE9CBF83}"
	ProjectSection(ProjectDependencies) = postProject
		{262137A5-BB53-4B82-B7B8-E44A9898AE33} = {262137A5-BB53-4B82-B7B8-E44A9898AE33}
	EndProjectSection
EndProject
Project("{2150E333-8FDC-42A3-9474-1A3956D46DE8}") = "Apps", "Apps", "{664C373F-DAA4-4E03-B250-C64CDCA3C71E}"
EndProject
Project("{FAE04EC0-301F-11D3-BF4B-00C04F79EFBC}") = "peach", "src\Compiler\peach\peach.csproj", "{5CDE7685-F997-4515-86D2-CAE834FF3ED3}"
	ProjectSection(ProjectDependencies) = postProject
		{262137A5-BB53-4B82-B7B8-E44A9898AE33} = {262137A5-BB53-4B82-B7B8-E44A9898AE33}
		{6B01EDAF-56BD-4302-98FD-EDD81FA2617E} = {6B01EDAF-56BD-4302-98FD-EDD81FA2617E}
	EndProjectSection
EndProject
Project("{FAE04EC0-301F-11D3-BF4B-00C04F79EFBC}") = "runtests", "src\Tools\runtests\runtests.csproj", "{BDE73F7B-8E77-4648-BC17-CAA0F0095D04}"
	ProjectSection(ProjectDependencies) = postProject
		{262137A5-BB53-4B82-B7B8-E44A9898AE33} = {262137A5-BB53-4B82-B7B8-E44A9898AE33}
		{6B01EDAF-56BD-4302-98FD-EDD81FA2617E} = {6B01EDAF-56BD-4302-98FD-EDD81FA2617E}
	EndProjectSection
EndProject
Project("{FAE04EC0-301F-11D3-BF4B-00C04F79EFBC}") = "PchpRequestHandler", "src\Runtime\PchpRequestHandler\PchpRequestHandler.csproj", "{F0566051-DB18-4DE4-B3CE-D97C1F96258E}"
	ProjectSection(ProjectDependencies) = postProject
		{262137A5-BB53-4B82-B7B8-E44A9898AE33} = {262137A5-BB53-4B82-B7B8-E44A9898AE33}
	EndProjectSection
EndProject
Project("{8BB2217D-0F2D-49D1-97BC-3654ED321F3B}") = "Peachpie.Runtime", "src\Peachpie.Runtime\Peachpie.Runtime.xproj", "{262137A5-BB53-4B82-B7B8-E44A9898AE33}"
EndProject
Project("{8BB2217D-0F2D-49D1-97BC-3654ED321F3B}") = "Peachpie.NETCore.Web", "src\Peachpie.NETCore.Web\Peachpie.NETCore.Web.xproj", "{039A63A4-9A86-477A-B1C6-1C7172B90F81}"
EndProject
Project("{2150E333-8FDC-42A3-9474-1A3956D46DE8}") = "Samples", "Samples", "{B5FCDBD5-1279-4AFE-B752-7695B1F5F2CF}"
EndProject
Project("{8BB2217D-0F2D-49D1-97BC-3654ED321F3B}") = "ConsoleApplication1", "Samples\ConsoleApplication1\ConsoleApplication1.xproj", "{699DA5DD-11EE-436B-A0AD-40ACB7E94EAD}"
	ProjectSection(ProjectDependencies) = postProject
		{9E4CCA58-4F72-4EC8-BCC1-BB9944A4530B} = {9E4CCA58-4F72-4EC8-BCC1-BB9944A4530B}
		{F679A98B-01EE-4A7F-8D56-F0DED48450AF} = {F679A98B-01EE-4A7F-8D56-F0DED48450AF}
	EndProjectSection
EndProject
Project("{8BB2217D-0F2D-49D1-97BC-3654ED321F3B}") = "Peachpie.Microsoft.CodeAnalysis", "src\Dummy\Peachpie.Microsoft.CodeAnalysis\Peachpie.Microsoft.CodeAnalysis.xproj", "{AF6B99D6-95F6-4F68-AA47-3347A643FDF7}"
EndProject
Project("{8BB2217D-0F2D-49D1-97BC-3654ED321F3B}") = "Pchp.CodeAnalysis", "src\Dummy\Pchp.CodeAnalysis\Pchp.CodeAnalysis.xproj", "{AC8B2581-FBCD-409B-8249-5B581AF70750}"
EndProject
Project("{8BB2217D-0F2D-49D1-97BC-3654ED321F3B}") = "Pchp.Syntax", "src\Dummy\Pchp.Syntax\Pchp.Syntax.xproj", "{A1860968-BA3D-4850-9FAC-CDEF52FDC3DA}"
EndProject
Project("{2150E333-8FDC-42A3-9474-1A3956D46DE8}") = "Dummy", "Dummy", "{D95C6537-F0F6-4401-A694-8780B4908783}"
EndProject
Project("{8BB2217D-0F2D-49D1-97BC-3654ED321F3B}") = "Peachpie.App", "src\Peachpie.App\Peachpie.App.xproj", "{20059EE9-94A7-4DD6-9715-1865F4349EB4}"
EndProject
Project("{8BB2217D-0F2D-49D1-97BC-3654ED321F3B}") = "Peachpie.Compiler", "src\Dummy\Peachpie.Compiler\Peachpie.Compiler.xproj", "{9E4CCA58-4F72-4EC8-BCC1-BB9944A4530B}"
EndProject
Project("{8BB2217D-0F2D-49D1-97BC-3654ED321F3B}") = "Peachpie.Library", "src\Peachpie.Library\Peachpie.Library.xproj", "{6B01EDAF-56BD-4302-98FD-EDD81FA2617E}"
EndProject
Project("{8BB2217D-0F2D-49D1-97BC-3654ED321F3B}") = "Peachpie.Compiler.Tools", "src\Peachpie.Compiler.Tools\Peachpie.Compiler.Tools.xproj", "{F679A98B-01EE-4A7F-8D56-F0DED48450AF}"
EndProject
Global
	GlobalSection(SharedMSBuildProjectFiles) = preSolution
		roslyn @ 33e2491\src\Compilers\Core\AnalyzerDriver\AnalyzerDriver.projitems*{1ee8cad3-55f9-4d91-96b2-084641da9a6c}*SharedItemsImports = 4
		roslyn @ 33e2491\src\Compilers\Core\SharedCollections\SharedCollections.projitems*{1ee8cad3-55f9-4d91-96b2-084641da9a6c}*SharedItemsImports = 4
		roslyn @ 33e2491\src\Compilers\Core\SharedCollections\SharedCollections.projitems*{c1930979-c824-496b-a630-70f5369a636f}*SharedItemsImports = 13
	EndGlobalSection
	GlobalSection(SolutionConfigurationPlatforms) = preSolution
		Debug|Any CPU = Debug|Any CPU
		Debug|ARM = Debug|ARM
		Debug|Mixed Platforms = Debug|Mixed Platforms
		Debug|x64 = Debug|x64
		Debug|x86 = Debug|x86
		Release|Any CPU = Release|Any CPU
		Release|ARM = Release|ARM
		Release|Mixed Platforms = Release|Mixed Platforms
		Release|x64 = Release|x64
		Release|x86 = Release|x86
	EndGlobalSection
	GlobalSection(ProjectConfigurationPlatforms) = postSolution
		{1EE8CAD3-55F9-4D91-96B2-084641DA9A6C}.Debug|Any CPU.ActiveCfg = Debug|Any CPU
		{1EE8CAD3-55F9-4D91-96B2-084641DA9A6C}.Debug|Any CPU.Build.0 = Debug|Any CPU
		{1EE8CAD3-55F9-4D91-96B2-084641DA9A6C}.Debug|ARM.ActiveCfg = Debug|Any CPU
		{1EE8CAD3-55F9-4D91-96B2-084641DA9A6C}.Debug|ARM.Build.0 = Debug|Any CPU
		{1EE8CAD3-55F9-4D91-96B2-084641DA9A6C}.Debug|Mixed Platforms.ActiveCfg = Debug|Any CPU
		{1EE8CAD3-55F9-4D91-96B2-084641DA9A6C}.Debug|Mixed Platforms.Build.0 = Debug|Any CPU
		{1EE8CAD3-55F9-4D91-96B2-084641DA9A6C}.Debug|x64.ActiveCfg = Debug|x64
		{1EE8CAD3-55F9-4D91-96B2-084641DA9A6C}.Debug|x64.Build.0 = Debug|x64
		{1EE8CAD3-55F9-4D91-96B2-084641DA9A6C}.Debug|x86.ActiveCfg = Debug|Any CPU
		{1EE8CAD3-55F9-4D91-96B2-084641DA9A6C}.Debug|x86.Build.0 = Debug|Any CPU
		{1EE8CAD3-55F9-4D91-96B2-084641DA9A6C}.Release|Any CPU.ActiveCfg = Release|Any CPU
		{1EE8CAD3-55F9-4D91-96B2-084641DA9A6C}.Release|Any CPU.Build.0 = Release|Any CPU
		{1EE8CAD3-55F9-4D91-96B2-084641DA9A6C}.Release|ARM.ActiveCfg = Release|Any CPU
		{1EE8CAD3-55F9-4D91-96B2-084641DA9A6C}.Release|ARM.Build.0 = Release|Any CPU
		{1EE8CAD3-55F9-4D91-96B2-084641DA9A6C}.Release|Mixed Platforms.ActiveCfg = Release|Any CPU
		{1EE8CAD3-55F9-4D91-96B2-084641DA9A6C}.Release|Mixed Platforms.Build.0 = Release|Any CPU
		{1EE8CAD3-55F9-4D91-96B2-084641DA9A6C}.Release|x64.ActiveCfg = Release|x64
		{1EE8CAD3-55F9-4D91-96B2-084641DA9A6C}.Release|x64.Build.0 = Release|x64
		{1EE8CAD3-55F9-4D91-96B2-084641DA9A6C}.Release|x86.ActiveCfg = Release|Any CPU
		{1EE8CAD3-55F9-4D91-96B2-084641DA9A6C}.Release|x86.Build.0 = Release|Any CPU
		{3775018B-7F9F-4CB1-8B0A-18CFB589A54B}.Debug|Any CPU.ActiveCfg = Debug|Any CPU
		{3775018B-7F9F-4CB1-8B0A-18CFB589A54B}.Debug|Any CPU.Build.0 = Debug|Any CPU
		{3775018B-7F9F-4CB1-8B0A-18CFB589A54B}.Debug|ARM.ActiveCfg = Debug|Any CPU
		{3775018B-7F9F-4CB1-8B0A-18CFB589A54B}.Debug|ARM.Build.0 = Debug|Any CPU
		{3775018B-7F9F-4CB1-8B0A-18CFB589A54B}.Debug|Mixed Platforms.ActiveCfg = Debug|Any CPU
		{3775018B-7F9F-4CB1-8B0A-18CFB589A54B}.Debug|Mixed Platforms.Build.0 = Debug|Any CPU
		{3775018B-7F9F-4CB1-8B0A-18CFB589A54B}.Debug|x64.ActiveCfg = Debug|Any CPU
		{3775018B-7F9F-4CB1-8B0A-18CFB589A54B}.Debug|x64.Build.0 = Debug|Any CPU
		{3775018B-7F9F-4CB1-8B0A-18CFB589A54B}.Debug|x86.ActiveCfg = Debug|Any CPU
		{3775018B-7F9F-4CB1-8B0A-18CFB589A54B}.Debug|x86.Build.0 = Debug|Any CPU
		{3775018B-7F9F-4CB1-8B0A-18CFB589A54B}.Release|Any CPU.ActiveCfg = Release|Any CPU
		{3775018B-7F9F-4CB1-8B0A-18CFB589A54B}.Release|Any CPU.Build.0 = Release|Any CPU
		{3775018B-7F9F-4CB1-8B0A-18CFB589A54B}.Release|ARM.ActiveCfg = Release|Any CPU
		{3775018B-7F9F-4CB1-8B0A-18CFB589A54B}.Release|ARM.Build.0 = Release|Any CPU
		{3775018B-7F9F-4CB1-8B0A-18CFB589A54B}.Release|Mixed Platforms.ActiveCfg = Release|Any CPU
		{3775018B-7F9F-4CB1-8B0A-18CFB589A54B}.Release|Mixed Platforms.Build.0 = Release|Any CPU
		{3775018B-7F9F-4CB1-8B0A-18CFB589A54B}.Release|x64.ActiveCfg = Release|Any CPU
		{3775018B-7F9F-4CB1-8B0A-18CFB589A54B}.Release|x64.Build.0 = Release|Any CPU
		{3775018B-7F9F-4CB1-8B0A-18CFB589A54B}.Release|x86.ActiveCfg = Release|Any CPU
		{3775018B-7F9F-4CB1-8B0A-18CFB589A54B}.Release|x86.Build.0 = Release|Any CPU
		{1A060993-2FED-42C2-A9BB-1EF9DE9CBF83}.Debug|Any CPU.ActiveCfg = Debug|Any CPU
		{1A060993-2FED-42C2-A9BB-1EF9DE9CBF83}.Debug|Any CPU.Build.0 = Debug|Any CPU
		{1A060993-2FED-42C2-A9BB-1EF9DE9CBF83}.Debug|ARM.ActiveCfg = Debug|Any CPU
		{1A060993-2FED-42C2-A9BB-1EF9DE9CBF83}.Debug|ARM.Build.0 = Debug|Any CPU
		{1A060993-2FED-42C2-A9BB-1EF9DE9CBF83}.Debug|Mixed Platforms.ActiveCfg = Debug|Any CPU
		{1A060993-2FED-42C2-A9BB-1EF9DE9CBF83}.Debug|Mixed Platforms.Build.0 = Debug|Any CPU
		{1A060993-2FED-42C2-A9BB-1EF9DE9CBF83}.Debug|x64.ActiveCfg = Debug|Any CPU
		{1A060993-2FED-42C2-A9BB-1EF9DE9CBF83}.Debug|x64.Build.0 = Debug|Any CPU
		{1A060993-2FED-42C2-A9BB-1EF9DE9CBF83}.Debug|x86.ActiveCfg = Debug|Any CPU
		{1A060993-2FED-42C2-A9BB-1EF9DE9CBF83}.Debug|x86.Build.0 = Debug|Any CPU
		{1A060993-2FED-42C2-A9BB-1EF9DE9CBF83}.Release|Any CPU.ActiveCfg = Release|Any CPU
		{1A060993-2FED-42C2-A9BB-1EF9DE9CBF83}.Release|Any CPU.Build.0 = Release|Any CPU
		{1A060993-2FED-42C2-A9BB-1EF9DE9CBF83}.Release|ARM.ActiveCfg = Release|Any CPU
		{1A060993-2FED-42C2-A9BB-1EF9DE9CBF83}.Release|ARM.Build.0 = Release|Any CPU
		{1A060993-2FED-42C2-A9BB-1EF9DE9CBF83}.Release|Mixed Platforms.ActiveCfg = Release|Any CPU
		{1A060993-2FED-42C2-A9BB-1EF9DE9CBF83}.Release|Mixed Platforms.Build.0 = Release|Any CPU
		{1A060993-2FED-42C2-A9BB-1EF9DE9CBF83}.Release|x64.ActiveCfg = Release|Any CPU
		{1A060993-2FED-42C2-A9BB-1EF9DE9CBF83}.Release|x64.Build.0 = Release|Any CPU
		{1A060993-2FED-42C2-A9BB-1EF9DE9CBF83}.Release|x86.ActiveCfg = Release|Any CPU
		{1A060993-2FED-42C2-A9BB-1EF9DE9CBF83}.Release|x86.Build.0 = Release|Any CPU
		{5CDE7685-F997-4515-86D2-CAE834FF3ED3}.Debug|Any CPU.ActiveCfg = Debug|Any CPU
		{5CDE7685-F997-4515-86D2-CAE834FF3ED3}.Debug|Any CPU.Build.0 = Debug|Any CPU
		{5CDE7685-F997-4515-86D2-CAE834FF3ED3}.Debug|ARM.ActiveCfg = Debug|Any CPU
		{5CDE7685-F997-4515-86D2-CAE834FF3ED3}.Debug|ARM.Build.0 = Debug|Any CPU
		{5CDE7685-F997-4515-86D2-CAE834FF3ED3}.Debug|Mixed Platforms.ActiveCfg = Debug|Any CPU
		{5CDE7685-F997-4515-86D2-CAE834FF3ED3}.Debug|Mixed Platforms.Build.0 = Debug|Any CPU
		{5CDE7685-F997-4515-86D2-CAE834FF3ED3}.Debug|x64.ActiveCfg = Debug|Any CPU
		{5CDE7685-F997-4515-86D2-CAE834FF3ED3}.Debug|x64.Build.0 = Debug|Any CPU
		{5CDE7685-F997-4515-86D2-CAE834FF3ED3}.Debug|x86.ActiveCfg = Debug|Any CPU
		{5CDE7685-F997-4515-86D2-CAE834FF3ED3}.Debug|x86.Build.0 = Debug|Any CPU
		{5CDE7685-F997-4515-86D2-CAE834FF3ED3}.Release|Any CPU.ActiveCfg = Release|Any CPU
		{5CDE7685-F997-4515-86D2-CAE834FF3ED3}.Release|Any CPU.Build.0 = Release|Any CPU
		{5CDE7685-F997-4515-86D2-CAE834FF3ED3}.Release|ARM.ActiveCfg = Release|Any CPU
		{5CDE7685-F997-4515-86D2-CAE834FF3ED3}.Release|ARM.Build.0 = Release|Any CPU
		{5CDE7685-F997-4515-86D2-CAE834FF3ED3}.Release|Mixed Platforms.ActiveCfg = Release|Any CPU
		{5CDE7685-F997-4515-86D2-CAE834FF3ED3}.Release|Mixed Platforms.Build.0 = Release|Any CPU
		{5CDE7685-F997-4515-86D2-CAE834FF3ED3}.Release|x64.ActiveCfg = Release|Any CPU
		{5CDE7685-F997-4515-86D2-CAE834FF3ED3}.Release|x64.Build.0 = Release|Any CPU
		{5CDE7685-F997-4515-86D2-CAE834FF3ED3}.Release|x86.ActiveCfg = Release|Any CPU
		{5CDE7685-F997-4515-86D2-CAE834FF3ED3}.Release|x86.Build.0 = Release|Any CPU
		{BDE73F7B-8E77-4648-BC17-CAA0F0095D04}.Debug|Any CPU.ActiveCfg = Debug|Any CPU
		{BDE73F7B-8E77-4648-BC17-CAA0F0095D04}.Debug|Any CPU.Build.0 = Debug|Any CPU
		{BDE73F7B-8E77-4648-BC17-CAA0F0095D04}.Debug|ARM.ActiveCfg = Debug|Any CPU
		{BDE73F7B-8E77-4648-BC17-CAA0F0095D04}.Debug|ARM.Build.0 = Debug|Any CPU
		{BDE73F7B-8E77-4648-BC17-CAA0F0095D04}.Debug|Mixed Platforms.ActiveCfg = Debug|Any CPU
		{BDE73F7B-8E77-4648-BC17-CAA0F0095D04}.Debug|Mixed Platforms.Build.0 = Debug|Any CPU
		{BDE73F7B-8E77-4648-BC17-CAA0F0095D04}.Debug|x64.ActiveCfg = Debug|Any CPU
		{BDE73F7B-8E77-4648-BC17-CAA0F0095D04}.Debug|x64.Build.0 = Debug|Any CPU
		{BDE73F7B-8E77-4648-BC17-CAA0F0095D04}.Debug|x86.ActiveCfg = Debug|Any CPU
		{BDE73F7B-8E77-4648-BC17-CAA0F0095D04}.Debug|x86.Build.0 = Debug|Any CPU
		{BDE73F7B-8E77-4648-BC17-CAA0F0095D04}.Release|Any CPU.ActiveCfg = Release|Any CPU
		{BDE73F7B-8E77-4648-BC17-CAA0F0095D04}.Release|Any CPU.Build.0 = Release|Any CPU
		{BDE73F7B-8E77-4648-BC17-CAA0F0095D04}.Release|ARM.ActiveCfg = Release|Any CPU
		{BDE73F7B-8E77-4648-BC17-CAA0F0095D04}.Release|ARM.Build.0 = Release|Any CPU
		{BDE73F7B-8E77-4648-BC17-CAA0F0095D04}.Release|Mixed Platforms.ActiveCfg = Release|Any CPU
		{BDE73F7B-8E77-4648-BC17-CAA0F0095D04}.Release|Mixed Platforms.Build.0 = Release|Any CPU
		{BDE73F7B-8E77-4648-BC17-CAA0F0095D04}.Release|x64.ActiveCfg = Release|Any CPU
		{BDE73F7B-8E77-4648-BC17-CAA0F0095D04}.Release|x64.Build.0 = Release|Any CPU
		{BDE73F7B-8E77-4648-BC17-CAA0F0095D04}.Release|x86.ActiveCfg = Release|Any CPU
		{BDE73F7B-8E77-4648-BC17-CAA0F0095D04}.Release|x86.Build.0 = Release|Any CPU
		{F0566051-DB18-4DE4-B3CE-D97C1F96258E}.Debug|Any CPU.ActiveCfg = Debug|Any CPU
		{F0566051-DB18-4DE4-B3CE-D97C1F96258E}.Debug|Any CPU.Build.0 = Debug|Any CPU
		{F0566051-DB18-4DE4-B3CE-D97C1F96258E}.Debug|ARM.ActiveCfg = Debug|Any CPU
		{F0566051-DB18-4DE4-B3CE-D97C1F96258E}.Debug|ARM.Build.0 = Debug|Any CPU
		{F0566051-DB18-4DE4-B3CE-D97C1F96258E}.Debug|Mixed Platforms.ActiveCfg = Debug|Any CPU
		{F0566051-DB18-4DE4-B3CE-D97C1F96258E}.Debug|Mixed Platforms.Build.0 = Debug|Any CPU
		{F0566051-DB18-4DE4-B3CE-D97C1F96258E}.Debug|x64.ActiveCfg = Debug|Any CPU
		{F0566051-DB18-4DE4-B3CE-D97C1F96258E}.Debug|x64.Build.0 = Debug|Any CPU
		{F0566051-DB18-4DE4-B3CE-D97C1F96258E}.Debug|x86.ActiveCfg = Debug|Any CPU
		{F0566051-DB18-4DE4-B3CE-D97C1F96258E}.Debug|x86.Build.0 = Debug|Any CPU
		{F0566051-DB18-4DE4-B3CE-D97C1F96258E}.Release|Any CPU.ActiveCfg = Release|Any CPU
		{F0566051-DB18-4DE4-B3CE-D97C1F96258E}.Release|Any CPU.Build.0 = Release|Any CPU
		{F0566051-DB18-4DE4-B3CE-D97C1F96258E}.Release|ARM.ActiveCfg = Release|Any CPU
		{F0566051-DB18-4DE4-B3CE-D97C1F96258E}.Release|ARM.Build.0 = Release|Any CPU
		{F0566051-DB18-4DE4-B3CE-D97C1F96258E}.Release|Mixed Platforms.ActiveCfg = Release|Any CPU
		{F0566051-DB18-4DE4-B3CE-D97C1F96258E}.Release|Mixed Platforms.Build.0 = Release|Any CPU
		{F0566051-DB18-4DE4-B3CE-D97C1F96258E}.Release|x64.ActiveCfg = Release|Any CPU
		{F0566051-DB18-4DE4-B3CE-D97C1F96258E}.Release|x64.Build.0 = Release|Any CPU
		{F0566051-DB18-4DE4-B3CE-D97C1F96258E}.Release|x86.ActiveCfg = Release|Any CPU
		{F0566051-DB18-4DE4-B3CE-D97C1F96258E}.Release|x86.Build.0 = Release|Any CPU
		{262137A5-BB53-4B82-B7B8-E44A9898AE33}.Debug|Any CPU.ActiveCfg = Debug|Any CPU
		{262137A5-BB53-4B82-B7B8-E44A9898AE33}.Debug|Any CPU.Build.0 = Debug|Any CPU
		{262137A5-BB53-4B82-B7B8-E44A9898AE33}.Debug|ARM.ActiveCfg = Debug|Any CPU
		{262137A5-BB53-4B82-B7B8-E44A9898AE33}.Debug|ARM.Build.0 = Debug|Any CPU
		{262137A5-BB53-4B82-B7B8-E44A9898AE33}.Debug|Mixed Platforms.ActiveCfg = Debug|Any CPU
		{262137A5-BB53-4B82-B7B8-E44A9898AE33}.Debug|Mixed Platforms.Build.0 = Debug|Any CPU
		{262137A5-BB53-4B82-B7B8-E44A9898AE33}.Debug|x64.ActiveCfg = Debug|Any CPU
		{262137A5-BB53-4B82-B7B8-E44A9898AE33}.Debug|x64.Build.0 = Debug|Any CPU
		{262137A5-BB53-4B82-B7B8-E44A9898AE33}.Debug|x86.ActiveCfg = Debug|Any CPU
		{262137A5-BB53-4B82-B7B8-E44A9898AE33}.Debug|x86.Build.0 = Debug|Any CPU
		{262137A5-BB53-4B82-B7B8-E44A9898AE33}.Release|Any CPU.ActiveCfg = Release|Any CPU
		{262137A5-BB53-4B82-B7B8-E44A9898AE33}.Release|Any CPU.Build.0 = Release|Any CPU
		{262137A5-BB53-4B82-B7B8-E44A9898AE33}.Release|ARM.ActiveCfg = Release|Any CPU
		{262137A5-BB53-4B82-B7B8-E44A9898AE33}.Release|ARM.Build.0 = Release|Any CPU
		{262137A5-BB53-4B82-B7B8-E44A9898AE33}.Release|Mixed Platforms.ActiveCfg = Release|Any CPU
		{262137A5-BB53-4B82-B7B8-E44A9898AE33}.Release|Mixed Platforms.Build.0 = Release|Any CPU
		{262137A5-BB53-4B82-B7B8-E44A9898AE33}.Release|x64.ActiveCfg = Release|Any CPU
		{262137A5-BB53-4B82-B7B8-E44A9898AE33}.Release|x64.Build.0 = Release|Any CPU
		{262137A5-BB53-4B82-B7B8-E44A9898AE33}.Release|x86.ActiveCfg = Release|Any CPU
		{262137A5-BB53-4B82-B7B8-E44A9898AE33}.Release|x86.Build.0 = Release|Any CPU
		{039A63A4-9A86-477A-B1C6-1C7172B90F81}.Debug|Any CPU.ActiveCfg = Debug|Any CPU
		{039A63A4-9A86-477A-B1C6-1C7172B90F81}.Debug|Any CPU.Build.0 = Debug|Any CPU
		{039A63A4-9A86-477A-B1C6-1C7172B90F81}.Debug|ARM.ActiveCfg = Debug|Any CPU
		{039A63A4-9A86-477A-B1C6-1C7172B90F81}.Debug|ARM.Build.0 = Debug|Any CPU
		{039A63A4-9A86-477A-B1C6-1C7172B90F81}.Debug|Mixed Platforms.ActiveCfg = Debug|Any CPU
		{039A63A4-9A86-477A-B1C6-1C7172B90F81}.Debug|Mixed Platforms.Build.0 = Debug|Any CPU
		{039A63A4-9A86-477A-B1C6-1C7172B90F81}.Debug|x64.ActiveCfg = Debug|Any CPU
		{039A63A4-9A86-477A-B1C6-1C7172B90F81}.Debug|x64.Build.0 = Debug|Any CPU
		{039A63A4-9A86-477A-B1C6-1C7172B90F81}.Debug|x86.ActiveCfg = Debug|Any CPU
		{039A63A4-9A86-477A-B1C6-1C7172B90F81}.Debug|x86.Build.0 = Debug|Any CPU
		{039A63A4-9A86-477A-B1C6-1C7172B90F81}.Release|Any CPU.ActiveCfg = Release|Any CPU
		{039A63A4-9A86-477A-B1C6-1C7172B90F81}.Release|Any CPU.Build.0 = Release|Any CPU
		{039A63A4-9A86-477A-B1C6-1C7172B90F81}.Release|ARM.ActiveCfg = Release|Any CPU
		{039A63A4-9A86-477A-B1C6-1C7172B90F81}.Release|ARM.Build.0 = Release|Any CPU
		{039A63A4-9A86-477A-B1C6-1C7172B90F81}.Release|Mixed Platforms.ActiveCfg = Release|Any CPU
		{039A63A4-9A86-477A-B1C6-1C7172B90F81}.Release|Mixed Platforms.Build.0 = Release|Any CPU
		{039A63A4-9A86-477A-B1C6-1C7172B90F81}.Release|x64.ActiveCfg = Release|Any CPU
		{039A63A4-9A86-477A-B1C6-1C7172B90F81}.Release|x64.Build.0 = Release|Any CPU
		{039A63A4-9A86-477A-B1C6-1C7172B90F81}.Release|x86.ActiveCfg = Release|Any CPU
		{039A63A4-9A86-477A-B1C6-1C7172B90F81}.Release|x86.Build.0 = Release|Any CPU
		{699DA5DD-11EE-436B-A0AD-40ACB7E94EAD}.Debug|Any CPU.ActiveCfg = Debug|Any CPU
		{699DA5DD-11EE-436B-A0AD-40ACB7E94EAD}.Debug|Any CPU.Build.0 = Debug|Any CPU
		{699DA5DD-11EE-436B-A0AD-40ACB7E94EAD}.Debug|ARM.ActiveCfg = Debug|Any CPU
		{699DA5DD-11EE-436B-A0AD-40ACB7E94EAD}.Debug|ARM.Build.0 = Debug|Any CPU
		{699DA5DD-11EE-436B-A0AD-40ACB7E94EAD}.Debug|Mixed Platforms.ActiveCfg = Debug|Any CPU
		{699DA5DD-11EE-436B-A0AD-40ACB7E94EAD}.Debug|Mixed Platforms.Build.0 = Debug|Any CPU
		{699DA5DD-11EE-436B-A0AD-40ACB7E94EAD}.Debug|x64.ActiveCfg = Debug|Any CPU
		{699DA5DD-11EE-436B-A0AD-40ACB7E94EAD}.Debug|x64.Build.0 = Debug|Any CPU
		{699DA5DD-11EE-436B-A0AD-40ACB7E94EAD}.Debug|x86.ActiveCfg = Debug|Any CPU
		{699DA5DD-11EE-436B-A0AD-40ACB7E94EAD}.Debug|x86.Build.0 = Debug|Any CPU
		{699DA5DD-11EE-436B-A0AD-40ACB7E94EAD}.Release|Any CPU.ActiveCfg = Release|Any CPU
		{699DA5DD-11EE-436B-A0AD-40ACB7E94EAD}.Release|Any CPU.Build.0 = Release|Any CPU
		{699DA5DD-11EE-436B-A0AD-40ACB7E94EAD}.Release|ARM.ActiveCfg = Release|Any CPU
		{699DA5DD-11EE-436B-A0AD-40ACB7E94EAD}.Release|ARM.Build.0 = Release|Any CPU
		{699DA5DD-11EE-436B-A0AD-40ACB7E94EAD}.Release|Mixed Platforms.ActiveCfg = Release|Any CPU
		{699DA5DD-11EE-436B-A0AD-40ACB7E94EAD}.Release|Mixed Platforms.Build.0 = Release|Any CPU
		{699DA5DD-11EE-436B-A0AD-40ACB7E94EAD}.Release|x64.ActiveCfg = Release|Any CPU
		{699DA5DD-11EE-436B-A0AD-40ACB7E94EAD}.Release|x64.Build.0 = Release|Any CPU
		{699DA5DD-11EE-436B-A0AD-40ACB7E94EAD}.Release|x86.ActiveCfg = Release|Any CPU
		{699DA5DD-11EE-436B-A0AD-40ACB7E94EAD}.Release|x86.Build.0 = Release|Any CPU
		{AF6B99D6-95F6-4F68-AA47-3347A643FDF7}.Debug|Any CPU.ActiveCfg = Debug|Any CPU
		{AF6B99D6-95F6-4F68-AA47-3347A643FDF7}.Debug|Any CPU.Build.0 = Debug|Any CPU
		{AF6B99D6-95F6-4F68-AA47-3347A643FDF7}.Debug|ARM.ActiveCfg = Debug|Any CPU
		{AF6B99D6-95F6-4F68-AA47-3347A643FDF7}.Debug|ARM.Build.0 = Debug|Any CPU
		{AF6B99D6-95F6-4F68-AA47-3347A643FDF7}.Debug|Mixed Platforms.ActiveCfg = Debug|Any CPU
		{AF6B99D6-95F6-4F68-AA47-3347A643FDF7}.Debug|Mixed Platforms.Build.0 = Debug|Any CPU
		{AF6B99D6-95F6-4F68-AA47-3347A643FDF7}.Debug|x64.ActiveCfg = Debug|Any CPU
		{AF6B99D6-95F6-4F68-AA47-3347A643FDF7}.Debug|x64.Build.0 = Debug|Any CPU
		{AF6B99D6-95F6-4F68-AA47-3347A643FDF7}.Debug|x86.ActiveCfg = Debug|Any CPU
		{AF6B99D6-95F6-4F68-AA47-3347A643FDF7}.Debug|x86.Build.0 = Debug|Any CPU
		{AF6B99D6-95F6-4F68-AA47-3347A643FDF7}.Release|Any CPU.ActiveCfg = Release|Any CPU
		{AF6B99D6-95F6-4F68-AA47-3347A643FDF7}.Release|Any CPU.Build.0 = Release|Any CPU
		{AF6B99D6-95F6-4F68-AA47-3347A643FDF7}.Release|ARM.ActiveCfg = Release|Any CPU
		{AF6B99D6-95F6-4F68-AA47-3347A643FDF7}.Release|ARM.Build.0 = Release|Any CPU
		{AF6B99D6-95F6-4F68-AA47-3347A643FDF7}.Release|Mixed Platforms.ActiveCfg = Release|Any CPU
		{AF6B99D6-95F6-4F68-AA47-3347A643FDF7}.Release|Mixed Platforms.Build.0 = Release|Any CPU
		{AF6B99D6-95F6-4F68-AA47-3347A643FDF7}.Release|x64.ActiveCfg = Release|Any CPU
		{AF6B99D6-95F6-4F68-AA47-3347A643FDF7}.Release|x64.Build.0 = Release|Any CPU
		{AF6B99D6-95F6-4F68-AA47-3347A643FDF7}.Release|x86.ActiveCfg = Release|Any CPU
		{AF6B99D6-95F6-4F68-AA47-3347A643FDF7}.Release|x86.Build.0 = Release|Any CPU
		{AC8B2581-FBCD-409B-8249-5B581AF70750}.Debug|Any CPU.ActiveCfg = Debug|Any CPU
		{AC8B2581-FBCD-409B-8249-5B581AF70750}.Debug|Any CPU.Build.0 = Debug|Any CPU
		{AC8B2581-FBCD-409B-8249-5B581AF70750}.Debug|ARM.ActiveCfg = Debug|Any CPU
		{AC8B2581-FBCD-409B-8249-5B581AF70750}.Debug|ARM.Build.0 = Debug|Any CPU
		{AC8B2581-FBCD-409B-8249-5B581AF70750}.Debug|Mixed Platforms.ActiveCfg = Debug|Any CPU
		{AC8B2581-FBCD-409B-8249-5B581AF70750}.Debug|Mixed Platforms.Build.0 = Debug|Any CPU
		{AC8B2581-FBCD-409B-8249-5B581AF70750}.Debug|x64.ActiveCfg = Debug|Any CPU
		{AC8B2581-FBCD-409B-8249-5B581AF70750}.Debug|x64.Build.0 = Debug|Any CPU
		{AC8B2581-FBCD-409B-8249-5B581AF70750}.Debug|x86.ActiveCfg = Debug|Any CPU
		{AC8B2581-FBCD-409B-8249-5B581AF70750}.Debug|x86.Build.0 = Debug|Any CPU
		{AC8B2581-FBCD-409B-8249-5B581AF70750}.Release|Any CPU.ActiveCfg = Release|Any CPU
		{AC8B2581-FBCD-409B-8249-5B581AF70750}.Release|Any CPU.Build.0 = Release|Any CPU
		{AC8B2581-FBCD-409B-8249-5B581AF70750}.Release|ARM.ActiveCfg = Release|Any CPU
		{AC8B2581-FBCD-409B-8249-5B581AF70750}.Release|ARM.Build.0 = Release|Any CPU
		{AC8B2581-FBCD-409B-8249-5B581AF70750}.Release|Mixed Platforms.ActiveCfg = Release|Any CPU
		{AC8B2581-FBCD-409B-8249-5B581AF70750}.Release|Mixed Platforms.Build.0 = Release|Any CPU
		{AC8B2581-FBCD-409B-8249-5B581AF70750}.Release|x64.ActiveCfg = Release|Any CPU
		{AC8B2581-FBCD-409B-8249-5B581AF70750}.Release|x64.Build.0 = Release|Any CPU
		{AC8B2581-FBCD-409B-8249-5B581AF70750}.Release|x86.ActiveCfg = Release|Any CPU
		{AC8B2581-FBCD-409B-8249-5B581AF70750}.Release|x86.Build.0 = Release|Any CPU
		{A1860968-BA3D-4850-9FAC-CDEF52FDC3DA}.Debug|Any CPU.ActiveCfg = Debug|Any CPU
		{A1860968-BA3D-4850-9FAC-CDEF52FDC3DA}.Debug|Any CPU.Build.0 = Debug|Any CPU
		{A1860968-BA3D-4850-9FAC-CDEF52FDC3DA}.Debug|ARM.ActiveCfg = Debug|Any CPU
		{A1860968-BA3D-4850-9FAC-CDEF52FDC3DA}.Debug|ARM.Build.0 = Debug|Any CPU
		{A1860968-BA3D-4850-9FAC-CDEF52FDC3DA}.Debug|Mixed Platforms.ActiveCfg = Debug|Any CPU
		{A1860968-BA3D-4850-9FAC-CDEF52FDC3DA}.Debug|Mixed Platforms.Build.0 = Debug|Any CPU
		{A1860968-BA3D-4850-9FAC-CDEF52FDC3DA}.Debug|x64.ActiveCfg = Debug|Any CPU
		{A1860968-BA3D-4850-9FAC-CDEF52FDC3DA}.Debug|x64.Build.0 = Debug|Any CPU
		{A1860968-BA3D-4850-9FAC-CDEF52FDC3DA}.Debug|x86.ActiveCfg = Debug|Any CPU
		{A1860968-BA3D-4850-9FAC-CDEF52FDC3DA}.Debug|x86.Build.0 = Debug|Any CPU
		{A1860968-BA3D-4850-9FAC-CDEF52FDC3DA}.Release|Any CPU.ActiveCfg = Release|Any CPU
		{A1860968-BA3D-4850-9FAC-CDEF52FDC3DA}.Release|Any CPU.Build.0 = Release|Any CPU
		{A1860968-BA3D-4850-9FAC-CDEF52FDC3DA}.Release|ARM.ActiveCfg = Release|Any CPU
		{A1860968-BA3D-4850-9FAC-CDEF52FDC3DA}.Release|ARM.Build.0 = Release|Any CPU
		{A1860968-BA3D-4850-9FAC-CDEF52FDC3DA}.Release|Mixed Platforms.ActiveCfg = Release|Any CPU
		{A1860968-BA3D-4850-9FAC-CDEF52FDC3DA}.Release|Mixed Platforms.Build.0 = Release|Any CPU
		{A1860968-BA3D-4850-9FAC-CDEF52FDC3DA}.Release|x64.ActiveCfg = Release|Any CPU
		{A1860968-BA3D-4850-9FAC-CDEF52FDC3DA}.Release|x64.Build.0 = Release|Any CPU
		{A1860968-BA3D-4850-9FAC-CDEF52FDC3DA}.Release|x86.ActiveCfg = Release|Any CPU
		{A1860968-BA3D-4850-9FAC-CDEF52FDC3DA}.Release|x86.Build.0 = Release|Any CPU
		{20059EE9-94A7-4DD6-9715-1865F4349EB4}.Debug|Any CPU.ActiveCfg = Debug|Any CPU
		{20059EE9-94A7-4DD6-9715-1865F4349EB4}.Debug|Any CPU.Build.0 = Debug|Any CPU
		{20059EE9-94A7-4DD6-9715-1865F4349EB4}.Debug|ARM.ActiveCfg = Debug|Any CPU
		{20059EE9-94A7-4DD6-9715-1865F4349EB4}.Debug|ARM.Build.0 = Debug|Any CPU
		{20059EE9-94A7-4DD6-9715-1865F4349EB4}.Debug|Mixed Platforms.ActiveCfg = Debug|Any CPU
		{20059EE9-94A7-4DD6-9715-1865F4349EB4}.Debug|Mixed Platforms.Build.0 = Debug|Any CPU
		{20059EE9-94A7-4DD6-9715-1865F4349EB4}.Debug|x64.ActiveCfg = Debug|Any CPU
		{20059EE9-94A7-4DD6-9715-1865F4349EB4}.Debug|x64.Build.0 = Debug|Any CPU
		{20059EE9-94A7-4DD6-9715-1865F4349EB4}.Debug|x86.ActiveCfg = Debug|Any CPU
		{20059EE9-94A7-4DD6-9715-1865F4349EB4}.Debug|x86.Build.0 = Debug|Any CPU
		{20059EE9-94A7-4DD6-9715-1865F4349EB4}.Release|Any CPU.ActiveCfg = Release|Any CPU
		{20059EE9-94A7-4DD6-9715-1865F4349EB4}.Release|Any CPU.Build.0 = Release|Any CPU
		{20059EE9-94A7-4DD6-9715-1865F4349EB4}.Release|ARM.ActiveCfg = Release|Any CPU
		{20059EE9-94A7-4DD6-9715-1865F4349EB4}.Release|ARM.Build.0 = Release|Any CPU
		{20059EE9-94A7-4DD6-9715-1865F4349EB4}.Release|Mixed Platforms.ActiveCfg = Release|Any CPU
		{20059EE9-94A7-4DD6-9715-1865F4349EB4}.Release|Mixed Platforms.Build.0 = Release|Any CPU
		{20059EE9-94A7-4DD6-9715-1865F4349EB4}.Release|x64.ActiveCfg = Release|Any CPU
		{20059EE9-94A7-4DD6-9715-1865F4349EB4}.Release|x64.Build.0 = Release|Any CPU
		{20059EE9-94A7-4DD6-9715-1865F4349EB4}.Release|x86.ActiveCfg = Release|Any CPU
		{20059EE9-94A7-4DD6-9715-1865F4349EB4}.Release|x86.Build.0 = Release|Any CPU
		{9E4CCA58-4F72-4EC8-BCC1-BB9944A4530B}.Debug|Any CPU.ActiveCfg = Debug|Any CPU
		{9E4CCA58-4F72-4EC8-BCC1-BB9944A4530B}.Debug|Any CPU.Build.0 = Debug|Any CPU
		{9E4CCA58-4F72-4EC8-BCC1-BB9944A4530B}.Debug|ARM.ActiveCfg = Debug|Any CPU
		{9E4CCA58-4F72-4EC8-BCC1-BB9944A4530B}.Debug|ARM.Build.0 = Debug|Any CPU
		{9E4CCA58-4F72-4EC8-BCC1-BB9944A4530B}.Debug|Mixed Platforms.ActiveCfg = Debug|Any CPU
		{9E4CCA58-4F72-4EC8-BCC1-BB9944A4530B}.Debug|Mixed Platforms.Build.0 = Debug|Any CPU
		{9E4CCA58-4F72-4EC8-BCC1-BB9944A4530B}.Debug|x64.ActiveCfg = Debug|Any CPU
		{9E4CCA58-4F72-4EC8-BCC1-BB9944A4530B}.Debug|x64.Build.0 = Debug|Any CPU
		{9E4CCA58-4F72-4EC8-BCC1-BB9944A4530B}.Debug|x86.ActiveCfg = Debug|Any CPU
		{9E4CCA58-4F72-4EC8-BCC1-BB9944A4530B}.Debug|x86.Build.0 = Debug|Any CPU
		{9E4CCA58-4F72-4EC8-BCC1-BB9944A4530B}.Release|Any CPU.ActiveCfg = Release|Any CPU
		{9E4CCA58-4F72-4EC8-BCC1-BB9944A4530B}.Release|Any CPU.Build.0 = Release|Any CPU
		{9E4CCA58-4F72-4EC8-BCC1-BB9944A4530B}.Release|ARM.ActiveCfg = Release|Any CPU
		{9E4CCA58-4F72-4EC8-BCC1-BB9944A4530B}.Release|ARM.Build.0 = Release|Any CPU
		{9E4CCA58-4F72-4EC8-BCC1-BB9944A4530B}.Release|Mixed Platforms.ActiveCfg = Release|Any CPU
		{9E4CCA58-4F72-4EC8-BCC1-BB9944A4530B}.Release|Mixed Platforms.Build.0 = Release|Any CPU
		{9E4CCA58-4F72-4EC8-BCC1-BB9944A4530B}.Release|x64.ActiveCfg = Release|Any CPU
		{9E4CCA58-4F72-4EC8-BCC1-BB9944A4530B}.Release|x64.Build.0 = Release|Any CPU
		{9E4CCA58-4F72-4EC8-BCC1-BB9944A4530B}.Release|x86.ActiveCfg = Release|Any CPU
		{9E4CCA58-4F72-4EC8-BCC1-BB9944A4530B}.Release|x86.Build.0 = Release|Any CPU
		{6B01EDAF-56BD-4302-98FD-EDD81FA2617E}.Debug|Any CPU.ActiveCfg = Debug|Any CPU
		{6B01EDAF-56BD-4302-98FD-EDD81FA2617E}.Debug|Any CPU.Build.0 = Debug|Any CPU
		{6B01EDAF-56BD-4302-98FD-EDD81FA2617E}.Debug|ARM.ActiveCfg = Debug|Any CPU
		{6B01EDAF-56BD-4302-98FD-EDD81FA2617E}.Debug|ARM.Build.0 = Debug|Any CPU
		{6B01EDAF-56BD-4302-98FD-EDD81FA2617E}.Debug|Mixed Platforms.ActiveCfg = Debug|Any CPU
		{6B01EDAF-56BD-4302-98FD-EDD81FA2617E}.Debug|Mixed Platforms.Build.0 = Debug|Any CPU
		{6B01EDAF-56BD-4302-98FD-EDD81FA2617E}.Debug|x64.ActiveCfg = Debug|Any CPU
		{6B01EDAF-56BD-4302-98FD-EDD81FA2617E}.Debug|x64.Build.0 = Debug|Any CPU
		{6B01EDAF-56BD-4302-98FD-EDD81FA2617E}.Debug|x86.ActiveCfg = Debug|Any CPU
		{6B01EDAF-56BD-4302-98FD-EDD81FA2617E}.Debug|x86.Build.0 = Debug|Any CPU
		{6B01EDAF-56BD-4302-98FD-EDD81FA2617E}.Release|Any CPU.ActiveCfg = Release|Any CPU
		{6B01EDAF-56BD-4302-98FD-EDD81FA2617E}.Release|Any CPU.Build.0 = Release|Any CPU
		{6B01EDAF-56BD-4302-98FD-EDD81FA2617E}.Release|ARM.ActiveCfg = Release|Any CPU
		{6B01EDAF-56BD-4302-98FD-EDD81FA2617E}.Release|ARM.Build.0 = Release|Any CPU
		{6B01EDAF-56BD-4302-98FD-EDD81FA2617E}.Release|Mixed Platforms.ActiveCfg = Release|Any CPU
		{6B01EDAF-56BD-4302-98FD-EDD81FA2617E}.Release|Mixed Platforms.Build.0 = Release|Any CPU
		{6B01EDAF-56BD-4302-98FD-EDD81FA2617E}.Release|x64.ActiveCfg = Release|Any CPU
		{6B01EDAF-56BD-4302-98FD-EDD81FA2617E}.Release|x64.Build.0 = Release|Any CPU
		{6B01EDAF-56BD-4302-98FD-EDD81FA2617E}.Release|x86.ActiveCfg = Release|Any CPU
		{6B01EDAF-56BD-4302-98FD-EDD81FA2617E}.Release|x86.Build.0 = Release|Any CPU
		{F679A98B-01EE-4A7F-8D56-F0DED48450AF}.Debug|Any CPU.ActiveCfg = Debug|Any CPU
		{F679A98B-01EE-4A7F-8D56-F0DED48450AF}.Debug|Any CPU.Build.0 = Debug|Any CPU
		{F679A98B-01EE-4A7F-8D56-F0DED48450AF}.Debug|ARM.ActiveCfg = Debug|Any CPU
		{F679A98B-01EE-4A7F-8D56-F0DED48450AF}.Debug|ARM.Build.0 = Debug|Any CPU
		{F679A98B-01EE-4A7F-8D56-F0DED48450AF}.Debug|Mixed Platforms.ActiveCfg = Debug|Any CPU
		{F679A98B-01EE-4A7F-8D56-F0DED48450AF}.Debug|Mixed Platforms.Build.0 = Debug|Any CPU
		{F679A98B-01EE-4A7F-8D56-F0DED48450AF}.Debug|x64.ActiveCfg = Debug|Any CPU
		{F679A98B-01EE-4A7F-8D56-F0DED48450AF}.Debug|x64.Build.0 = Debug|Any CPU
		{F679A98B-01EE-4A7F-8D56-F0DED48450AF}.Debug|x86.ActiveCfg = Debug|Any CPU
		{F679A98B-01EE-4A7F-8D56-F0DED48450AF}.Debug|x86.Build.0 = Debug|Any CPU
		{F679A98B-01EE-4A7F-8D56-F0DED48450AF}.Release|Any CPU.ActiveCfg = Release|Any CPU
		{F679A98B-01EE-4A7F-8D56-F0DED48450AF}.Release|Any CPU.Build.0 = Release|Any CPU
		{F679A98B-01EE-4A7F-8D56-F0DED48450AF}.Release|ARM.ActiveCfg = Release|Any CPU
		{F679A98B-01EE-4A7F-8D56-F0DED48450AF}.Release|ARM.Build.0 = Release|Any CPU
		{F679A98B-01EE-4A7F-8D56-F0DED48450AF}.Release|Mixed Platforms.ActiveCfg = Release|Any CPU
		{F679A98B-01EE-4A7F-8D56-F0DED48450AF}.Release|Mixed Platforms.Build.0 = Release|Any CPU
		{F679A98B-01EE-4A7F-8D56-F0DED48450AF}.Release|x64.ActiveCfg = Release|Any CPU
		{F679A98B-01EE-4A7F-8D56-F0DED48450AF}.Release|x64.Build.0 = Release|Any CPU
		{F679A98B-01EE-4A7F-8D56-F0DED48450AF}.Release|x86.ActiveCfg = Release|Any CPU
		{F679A98B-01EE-4A7F-8D56-F0DED48450AF}.Release|x86.Build.0 = Release|Any CPU
	EndGlobalSection
	GlobalSection(SolutionProperties) = preSolution
		HideSolutionNode = FALSE
	EndGlobalSection
	GlobalSection(NestedProjects) = preSolution
		{C1930979-C824-496B-A630-70F5369A636F} = {0E870B29-09DB-43B4-A1DE-B0754EBED941}
		{1EE8CAD3-55F9-4D91-96B2-084641DA9A6C} = {0E870B29-09DB-43B4-A1DE-B0754EBED941}
		{3775018B-7F9F-4CB1-8B0A-18CFB589A54B} = {0E870B29-09DB-43B4-A1DE-B0754EBED941}
		{1A060993-2FED-42C2-A9BB-1EF9DE9CBF83} = {0E870B29-09DB-43B4-A1DE-B0754EBED941}
		{5CDE7685-F997-4515-86D2-CAE834FF3ED3} = {664C373F-DAA4-4E03-B250-C64CDCA3C71E}
		{BDE73F7B-8E77-4648-BC17-CAA0F0095D04} = {664C373F-DAA4-4E03-B250-C64CDCA3C71E}
		{F0566051-DB18-4DE4-B3CE-D97C1F96258E} = {0E870B29-09DB-43B4-A1DE-B0754EBED941}
		{699DA5DD-11EE-436B-A0AD-40ACB7E94EAD} = {B5FCDBD5-1279-4AFE-B752-7695B1F5F2CF}
		{AF6B99D6-95F6-4F68-AA47-3347A643FDF7} = {D95C6537-F0F6-4401-A694-8780B4908783}
		{AC8B2581-FBCD-409B-8249-5B581AF70750} = {D95C6537-F0F6-4401-A694-8780B4908783}
		{A1860968-BA3D-4850-9FAC-CDEF52FDC3DA} = {D95C6537-F0F6-4401-A694-8780B4908783}
		{9E4CCA58-4F72-4EC8-BCC1-BB9944A4530B} = {D95C6537-F0F6-4401-A694-8780B4908783}
	EndGlobalSection
EndGlobal
