
Microsoft Visual Studio Solution File, Format Version 12.00
# Visual Studio 14
VisualStudioVersion = 14.0.25420.1
MinimumVisualStudioVersion = 10.0.40219.1
Project("{2150E333-8FDC-42A3-9474-1A3956D46DE8}") = "Compiler", "Compiler", "{0E870B29-09DB-43B4-A1DE-B0754EBED941}"
EndProject
Project("{2150E333-8FDC-42A3-9474-1A3956D46DE8}") = "Apps", "Apps", "{664C373F-DAA4-4E03-B250-C64CDCA3C71E}"
EndProject
Project("{8BB2217D-0F2D-49D1-97BC-3654ED321F3B}") = "Peachpie.Runtime", "src\Peachpie.Runtime\Peachpie.Runtime.xproj", "{262137A5-BB53-4B82-B7B8-E44A9898AE33}"
EndProject
Project("{8BB2217D-0F2D-49D1-97BC-3654ED321F3B}") = "Peachpie.NETCore.Web", "src\Peachpie.NETCore.Web\Peachpie.NETCore.Web.xproj", "{039A63A4-9A86-477A-B1C6-1C7172B90F81}"
EndProject
Project("{2150E333-8FDC-42A3-9474-1A3956D46DE8}") = "Samples", "Samples", "{B5FCDBD5-1279-4AFE-B752-7695B1F5F2CF}"
EndProject
Project("{8BB2217D-0F2D-49D1-97BC-3654ED321F3B}") = "ConsoleApplication1", "Samples\ConsoleApplication1\ConsoleApplication1.xproj", "{699DA5DD-11EE-436B-A0AD-40ACB7E94EAD}"
	ProjectSection(ProjectDependencies) = postProject
		{F679A98B-01EE-4A7F-8D56-F0DED48450AF} = {F679A98B-01EE-4A7F-8D56-F0DED48450AF}
	EndProjectSection
EndProject
Project("{8BB2217D-0F2D-49D1-97BC-3654ED321F3B}") = "Peachpie.App", "src\Peachpie.App\Peachpie.App.xproj", "{20059EE9-94A7-4DD6-9715-1865F4349EB4}"
EndProject
Project("{8BB2217D-0F2D-49D1-97BC-3654ED321F3B}") = "Peachpie.Library", "src\Peachpie.Library\Peachpie.Library.xproj", "{6B01EDAF-56BD-4302-98FD-EDD81FA2617E}"
EndProject
Project("{8BB2217D-0F2D-49D1-97BC-3654ED321F3B}") = "Peachpie.Compiler.Tools", "src\Peachpie.Compiler.Tools\Peachpie.Compiler.Tools.xproj", "{F679A98B-01EE-4A7F-8D56-F0DED48450AF}"
EndProject
Project("{8BB2217D-0F2D-49D1-97BC-3654ED321F3B}") = "website", "Samples\website\website.xproj", "{8D4F57AB-BA7E-446F-BBE3-9F2AEA42969D}"
	ProjectSection(ProjectDependencies) = postProject
		{F679A98B-01EE-4A7F-8D56-F0DED48450AF} = {F679A98B-01EE-4A7F-8D56-F0DED48450AF}
	EndProjectSection
EndProject
Project("{8BB2217D-0F2D-49D1-97BC-3654ED321F3B}") = "WebServerCSharp", "Samples\WebServerCSharp\WebServerCSharp.xproj", "{C69F8A59-0196-4819-84AE-528BA8E32F59}"
	ProjectSection(ProjectDependencies) = postProject
		{F679A98B-01EE-4A7F-8D56-F0DED48450AF} = {F679A98B-01EE-4A7F-8D56-F0DED48450AF}
	EndProjectSection
EndProject
Project("{8BB2217D-0F2D-49D1-97BC-3654ED321F3B}") = "Peachpie.CodeAnalysis", "src\Peachpie.CodeAnalysis\Peachpie.CodeAnalysis.xproj", "{2B2B4180-5093-4A29-BE59-4D672648988D}"
EndProject
Project("{8BB2217D-0F2D-49D1-97BC-3654ED321F3B}") = "Peachpie.Library.MySql", "src\Peachpie.Library.MySql\Peachpie.Library.MySql.xproj", "{176EBF02-2238-4056-9422-CFAA46FFED61}"
EndProject
Project("{8BB2217D-0F2D-49D1-97BC-3654ED321F3B}") = "Peachpie.Library.MsSql", "src\Peachpie.Library.MsSql\Peachpie.Library.MsSql.xproj", "{B16EB9F6-CCA5-4322-8DCF-07706C518600}"
EndProject
Project("{2150E333-8FDC-42A3-9474-1A3956D46DE8}") = "Solution Items", "Solution Items", "{B652CDCF-F023-4C67-B8D8-C712D62E1962}"
	ProjectSection(SolutionItems) = preProject
		global.json = global.json
	EndProjectSection
EndProject
Project("{8BB2217D-0F2D-49D1-97BC-3654ED321F3B}") = "peach", "src\Compiler\peach\peach.xproj", "{082CF8D4-9138-4CD3-AC39-076E5AF57B18}"
EndProject
Project("{2150E333-8FDC-42A3-9474-1A3956D46DE8}") = "build", "build", "{ED9DAD46-91BC-490A-BCF9-425437544421}"
	ProjectSection(SolutionItems) = preProject
		build\update_packages.ps1 = build\update_packages.ps1
	EndProjectSection
EndProject
Project("{8BB2217D-0F2D-49D1-97BC-3654ED321F3B}") = "Peachpie.RequestHandler", "src\Runtime\Peachpie.RequestHandler\Peachpie.RequestHandler.xproj", "{C039A778-7584-48EA-BC37-C8950FB54217}"
EndProject
Project("{8BB2217D-0F2D-49D1-97BC-3654ED321F3B}") = "runtests", "src\Tools\runtests\runtests.xproj", "{80883393-3EC5-4706-B9F5-4A6F6F8EB993}"
EndProject
Project("{2150E333-8FDC-42A3-9474-1A3956D46DE8}") = "PDO", "PDO", "{30D6D91F-A671-4E73-A571-5614500FDE0B}"
EndProject
Project("{8BB2217D-0F2D-49D1-97BC-3654ED321F3B}") = "Peachpie.Library.PDO", "src\PDO\Peachpie.Library.PDO\Peachpie.Library.PDO.xproj", "{7AFBA257-9E7B-41E0-8F94-9495AC1EB78A}"
EndProject
Project("{8BB2217D-0F2D-49D1-97BC-3654ED321F3B}") = "Peachpie.Library.PDO.Firebird", "src\PDO\Peachpie.Library.PDO.Firebird\Peachpie.Library.PDO.Firebird.xproj", "{5D6144FE-FC31-4A55-BA94-62FEB6995EA1}"
EndProject
Project("{8BB2217D-0F2D-49D1-97BC-3654ED321F3B}") = "Peachpie.Library.PDO.IBM", "src\PDO\Peachpie.Library.PDO.IBM\Peachpie.Library.PDO.IBM.xproj", "{8B413828-D2DE-46F2-8123-8B9B4D2EC8CD}"
EndProject
Project("{8BB2217D-0F2D-49D1-97BC-3654ED321F3B}") = "Peachpie.Library.PDO.MySQL", "src\PDO\Peachpie.Library.PDO.MySQL\Peachpie.Library.PDO.MySQL.xproj", "{FD523F4D-0E7E-4D5F-A5C6-12C643E7CE97}"
EndProject
Project("{8BB2217D-0F2D-49D1-97BC-3654ED321F3B}") = "Peachpie.Library.PDO.PgSQL", "src\PDO\Peachpie.Library.PDO.PgSQL\Peachpie.Library.PDO.PgSQL.xproj", "{C7C25012-00FC-4475-8702-66C3634263B5}"
EndProject
Project("{8BB2217D-0F2D-49D1-97BC-3654ED321F3B}") = "Peachpie.Library.PDO.Sqlite", "src\PDO\Peachpie.Library.PDO.Sqlite\Peachpie.Library.PDO.Sqlite.xproj", "{E93C0E7D-6C96-4B91-93F2-25A1DFB2D37A}"
EndProject
Project("{8BB2217D-0F2D-49D1-97BC-3654ED321F3B}") = "Peachpie.Library.PDO.SqlSrv", "src\PDO\Peachpie.Library.PDO.SqlSrv\Peachpie.Library.PDO.SqlSrv.xproj", "{036D1937-8390-458A-9CA7-3DAC879D3BA6}"
EndProject
Project("{8BB2217D-0F2D-49D1-97BC-3654ED321F3B}") = "Peachpie.PDO.Test.App", "src\PDO\Peachpie.PDO.Test.App\Peachpie.PDO.Test.App.xproj", "{77AD346E-0CB1-4E27-83CE-5AF2FF507D4D}"
EndProject
Project("{8BB2217D-0F2D-49D1-97BC-3654ED321F3B}") = "Peachpie.PDO.Test.Website", "src\PDO\Peachpie.PDO.Test.Website\Peachpie.PDO.Test.Website.xproj", "{4353F37F-E8DC-4276-B65F-40D45EE03897}"
EndProject
Project("{2150E333-8FDC-42A3-9474-1A3956D46DE8}") = "PDO", "PDO", "{6181CA52-4D64-4166-BBCF-36FE5D13A2B3}"
EndProject
Global
	GlobalSection(SolutionConfigurationPlatforms) = preSolution
		Debug|Any CPU = Debug|Any CPU
		Debug|ARM = Debug|ARM
		Debug|Mixed Platforms = Debug|Mixed Platforms
		Debug|x64 = Debug|x64
		Debug|x86 = Debug|x86
		Release|Any CPU = Release|Any CPU
		Release|ARM = Release|ARM
		Release|Mixed Platforms = Release|Mixed Platforms
		Release|x64 = Release|x64
		Release|x86 = Release|x86
	EndGlobalSection
	GlobalSection(ProjectConfigurationPlatforms) = postSolution
		{262137A5-BB53-4B82-B7B8-E44A9898AE33}.Debug|Any CPU.ActiveCfg = Debug|Any CPU
		{262137A5-BB53-4B82-B7B8-E44A9898AE33}.Debug|Any CPU.Build.0 = Debug|Any CPU
		{262137A5-BB53-4B82-B7B8-E44A9898AE33}.Debug|ARM.ActiveCfg = Debug|Any CPU
		{262137A5-BB53-4B82-B7B8-E44A9898AE33}.Debug|ARM.Build.0 = Debug|Any CPU
		{262137A5-BB53-4B82-B7B8-E44A9898AE33}.Debug|Mixed Platforms.ActiveCfg = Debug|Any CPU
		{262137A5-BB53-4B82-B7B8-E44A9898AE33}.Debug|Mixed Platforms.Build.0 = Debug|Any CPU
		{262137A5-BB53-4B82-B7B8-E44A9898AE33}.Debug|x64.ActiveCfg = Debug|Any CPU
		{262137A5-BB53-4B82-B7B8-E44A9898AE33}.Debug|x64.Build.0 = Debug|Any CPU
		{262137A5-BB53-4B82-B7B8-E44A9898AE33}.Debug|x86.ActiveCfg = Debug|Any CPU
		{262137A5-BB53-4B82-B7B8-E44A9898AE33}.Debug|x86.Build.0 = Debug|Any CPU
		{262137A5-BB53-4B82-B7B8-E44A9898AE33}.Release|Any CPU.ActiveCfg = Release|Any CPU
		{262137A5-BB53-4B82-B7B8-E44A9898AE33}.Release|Any CPU.Build.0 = Release|Any CPU
		{262137A5-BB53-4B82-B7B8-E44A9898AE33}.Release|ARM.ActiveCfg = Release|Any CPU
		{262137A5-BB53-4B82-B7B8-E44A9898AE33}.Release|ARM.Build.0 = Release|Any CPU
		{262137A5-BB53-4B82-B7B8-E44A9898AE33}.Release|Mixed Platforms.ActiveCfg = Release|Any CPU
		{262137A5-BB53-4B82-B7B8-E44A9898AE33}.Release|Mixed Platforms.Build.0 = Release|Any CPU
		{262137A5-BB53-4B82-B7B8-E44A9898AE33}.Release|x64.ActiveCfg = Release|Any CPU
		{262137A5-BB53-4B82-B7B8-E44A9898AE33}.Release|x64.Build.0 = Release|Any CPU
		{262137A5-BB53-4B82-B7B8-E44A9898AE33}.Release|x86.ActiveCfg = Release|Any CPU
		{262137A5-BB53-4B82-B7B8-E44A9898AE33}.Release|x86.Build.0 = Release|Any CPU
		{039A63A4-9A86-477A-B1C6-1C7172B90F81}.Debug|Any CPU.ActiveCfg = Debug|Any CPU
		{039A63A4-9A86-477A-B1C6-1C7172B90F81}.Debug|Any CPU.Build.0 = Debug|Any CPU
		{039A63A4-9A86-477A-B1C6-1C7172B90F81}.Debug|ARM.ActiveCfg = Debug|Any CPU
		{039A63A4-9A86-477A-B1C6-1C7172B90F81}.Debug|ARM.Build.0 = Debug|Any CPU
		{039A63A4-9A86-477A-B1C6-1C7172B90F81}.Debug|Mixed Platforms.ActiveCfg = Debug|Any CPU
		{039A63A4-9A86-477A-B1C6-1C7172B90F81}.Debug|Mixed Platforms.Build.0 = Debug|Any CPU
		{039A63A4-9A86-477A-B1C6-1C7172B90F81}.Debug|x64.ActiveCfg = Debug|Any CPU
		{039A63A4-9A86-477A-B1C6-1C7172B90F81}.Debug|x64.Build.0 = Debug|Any CPU
		{039A63A4-9A86-477A-B1C6-1C7172B90F81}.Debug|x86.ActiveCfg = Debug|Any CPU
		{039A63A4-9A86-477A-B1C6-1C7172B90F81}.Debug|x86.Build.0 = Debug|Any CPU
		{039A63A4-9A86-477A-B1C6-1C7172B90F81}.Release|Any CPU.ActiveCfg = Release|Any CPU
		{039A63A4-9A86-477A-B1C6-1C7172B90F81}.Release|Any CPU.Build.0 = Release|Any CPU
		{039A63A4-9A86-477A-B1C6-1C7172B90F81}.Release|ARM.ActiveCfg = Release|Any CPU
		{039A63A4-9A86-477A-B1C6-1C7172B90F81}.Release|ARM.Build.0 = Release|Any CPU
		{039A63A4-9A86-477A-B1C6-1C7172B90F81}.Release|Mixed Platforms.ActiveCfg = Release|Any CPU
		{039A63A4-9A86-477A-B1C6-1C7172B90F81}.Release|Mixed Platforms.Build.0 = Release|Any CPU
		{039A63A4-9A86-477A-B1C6-1C7172B90F81}.Release|x64.ActiveCfg = Release|Any CPU
		{039A63A4-9A86-477A-B1C6-1C7172B90F81}.Release|x64.Build.0 = Release|Any CPU
		{039A63A4-9A86-477A-B1C6-1C7172B90F81}.Release|x86.ActiveCfg = Release|Any CPU
		{039A63A4-9A86-477A-B1C6-1C7172B90F81}.Release|x86.Build.0 = Release|Any CPU
		{699DA5DD-11EE-436B-A0AD-40ACB7E94EAD}.Debug|Any CPU.ActiveCfg = Debug|Any CPU
		{699DA5DD-11EE-436B-A0AD-40ACB7E94EAD}.Debug|Any CPU.Build.0 = Debug|Any CPU
		{699DA5DD-11EE-436B-A0AD-40ACB7E94EAD}.Debug|ARM.ActiveCfg = Debug|Any CPU
		{699DA5DD-11EE-436B-A0AD-40ACB7E94EAD}.Debug|ARM.Build.0 = Debug|Any CPU
		{699DA5DD-11EE-436B-A0AD-40ACB7E94EAD}.Debug|Mixed Platforms.ActiveCfg = Debug|Any CPU
		{699DA5DD-11EE-436B-A0AD-40ACB7E94EAD}.Debug|Mixed Platforms.Build.0 = Debug|Any CPU
		{699DA5DD-11EE-436B-A0AD-40ACB7E94EAD}.Debug|x64.ActiveCfg = Debug|Any CPU
		{699DA5DD-11EE-436B-A0AD-40ACB7E94EAD}.Debug|x64.Build.0 = Debug|Any CPU
		{699DA5DD-11EE-436B-A0AD-40ACB7E94EAD}.Debug|x86.ActiveCfg = Debug|Any CPU
		{699DA5DD-11EE-436B-A0AD-40ACB7E94EAD}.Debug|x86.Build.0 = Debug|Any CPU
		{699DA5DD-11EE-436B-A0AD-40ACB7E94EAD}.Release|Any CPU.ActiveCfg = Release|Any CPU
		{699DA5DD-11EE-436B-A0AD-40ACB7E94EAD}.Release|Any CPU.Build.0 = Release|Any CPU
		{699DA5DD-11EE-436B-A0AD-40ACB7E94EAD}.Release|ARM.ActiveCfg = Release|Any CPU
		{699DA5DD-11EE-436B-A0AD-40ACB7E94EAD}.Release|ARM.Build.0 = Release|Any CPU
		{699DA5DD-11EE-436B-A0AD-40ACB7E94EAD}.Release|Mixed Platforms.ActiveCfg = Release|Any CPU
		{699DA5DD-11EE-436B-A0AD-40ACB7E94EAD}.Release|Mixed Platforms.Build.0 = Release|Any CPU
		{699DA5DD-11EE-436B-A0AD-40ACB7E94EAD}.Release|x64.ActiveCfg = Release|Any CPU
		{699DA5DD-11EE-436B-A0AD-40ACB7E94EAD}.Release|x64.Build.0 = Release|Any CPU
		{699DA5DD-11EE-436B-A0AD-40ACB7E94EAD}.Release|x86.ActiveCfg = Release|Any CPU
		{699DA5DD-11EE-436B-A0AD-40ACB7E94EAD}.Release|x86.Build.0 = Release|Any CPU
		{20059EE9-94A7-4DD6-9715-1865F4349EB4}.Debug|Any CPU.ActiveCfg = Debug|Any CPU
		{20059EE9-94A7-4DD6-9715-1865F4349EB4}.Debug|Any CPU.Build.0 = Debug|Any CPU
		{20059EE9-94A7-4DD6-9715-1865F4349EB4}.Debug|ARM.ActiveCfg = Debug|Any CPU
		{20059EE9-94A7-4DD6-9715-1865F4349EB4}.Debug|ARM.Build.0 = Debug|Any CPU
		{20059EE9-94A7-4DD6-9715-1865F4349EB4}.Debug|Mixed Platforms.ActiveCfg = Debug|Any CPU
		{20059EE9-94A7-4DD6-9715-1865F4349EB4}.Debug|Mixed Platforms.Build.0 = Debug|Any CPU
		{20059EE9-94A7-4DD6-9715-1865F4349EB4}.Debug|x64.ActiveCfg = Debug|Any CPU
		{20059EE9-94A7-4DD6-9715-1865F4349EB4}.Debug|x64.Build.0 = Debug|Any CPU
		{20059EE9-94A7-4DD6-9715-1865F4349EB4}.Debug|x86.ActiveCfg = Debug|Any CPU
		{20059EE9-94A7-4DD6-9715-1865F4349EB4}.Debug|x86.Build.0 = Debug|Any CPU
		{20059EE9-94A7-4DD6-9715-1865F4349EB4}.Release|Any CPU.ActiveCfg = Release|Any CPU
		{20059EE9-94A7-4DD6-9715-1865F4349EB4}.Release|Any CPU.Build.0 = Release|Any CPU
		{20059EE9-94A7-4DD6-9715-1865F4349EB4}.Release|ARM.ActiveCfg = Release|Any CPU
		{20059EE9-94A7-4DD6-9715-1865F4349EB4}.Release|ARM.Build.0 = Release|Any CPU
		{20059EE9-94A7-4DD6-9715-1865F4349EB4}.Release|Mixed Platforms.ActiveCfg = Release|Any CPU
		{20059EE9-94A7-4DD6-9715-1865F4349EB4}.Release|Mixed Platforms.Build.0 = Release|Any CPU
		{20059EE9-94A7-4DD6-9715-1865F4349EB4}.Release|x64.ActiveCfg = Release|Any CPU
		{20059EE9-94A7-4DD6-9715-1865F4349EB4}.Release|x64.Build.0 = Release|Any CPU
		{20059EE9-94A7-4DD6-9715-1865F4349EB4}.Release|x86.ActiveCfg = Release|Any CPU
		{20059EE9-94A7-4DD6-9715-1865F4349EB4}.Release|x86.Build.0 = Release|Any CPU
		{6B01EDAF-56BD-4302-98FD-EDD81FA2617E}.Debug|Any CPU.ActiveCfg = Debug|Any CPU
		{6B01EDAF-56BD-4302-98FD-EDD81FA2617E}.Debug|Any CPU.Build.0 = Debug|Any CPU
		{6B01EDAF-56BD-4302-98FD-EDD81FA2617E}.Debug|ARM.ActiveCfg = Debug|Any CPU
		{6B01EDAF-56BD-4302-98FD-EDD81FA2617E}.Debug|ARM.Build.0 = Debug|Any CPU
		{6B01EDAF-56BD-4302-98FD-EDD81FA2617E}.Debug|Mixed Platforms.ActiveCfg = Debug|Any CPU
		{6B01EDAF-56BD-4302-98FD-EDD81FA2617E}.Debug|Mixed Platforms.Build.0 = Debug|Any CPU
		{6B01EDAF-56BD-4302-98FD-EDD81FA2617E}.Debug|x64.ActiveCfg = Debug|Any CPU
		{6B01EDAF-56BD-4302-98FD-EDD81FA2617E}.Debug|x64.Build.0 = Debug|Any CPU
		{6B01EDAF-56BD-4302-98FD-EDD81FA2617E}.Debug|x86.ActiveCfg = Debug|Any CPU
		{6B01EDAF-56BD-4302-98FD-EDD81FA2617E}.Debug|x86.Build.0 = Debug|Any CPU
		{6B01EDAF-56BD-4302-98FD-EDD81FA2617E}.Release|Any CPU.ActiveCfg = Release|Any CPU
		{6B01EDAF-56BD-4302-98FD-EDD81FA2617E}.Release|Any CPU.Build.0 = Release|Any CPU
		{6B01EDAF-56BD-4302-98FD-EDD81FA2617E}.Release|ARM.ActiveCfg = Release|Any CPU
		{6B01EDAF-56BD-4302-98FD-EDD81FA2617E}.Release|ARM.Build.0 = Release|Any CPU
		{6B01EDAF-56BD-4302-98FD-EDD81FA2617E}.Release|Mixed Platforms.ActiveCfg = Release|Any CPU
		{6B01EDAF-56BD-4302-98FD-EDD81FA2617E}.Release|Mixed Platforms.Build.0 = Release|Any CPU
		{6B01EDAF-56BD-4302-98FD-EDD81FA2617E}.Release|x64.ActiveCfg = Release|Any CPU
		{6B01EDAF-56BD-4302-98FD-EDD81FA2617E}.Release|x64.Build.0 = Release|Any CPU
		{6B01EDAF-56BD-4302-98FD-EDD81FA2617E}.Release|x86.ActiveCfg = Release|Any CPU
		{6B01EDAF-56BD-4302-98FD-EDD81FA2617E}.Release|x86.Build.0 = Release|Any CPU
		{F679A98B-01EE-4A7F-8D56-F0DED48450AF}.Debug|Any CPU.ActiveCfg = Debug|Any CPU
		{F679A98B-01EE-4A7F-8D56-F0DED48450AF}.Debug|Any CPU.Build.0 = Debug|Any CPU
		{F679A98B-01EE-4A7F-8D56-F0DED48450AF}.Debug|ARM.ActiveCfg = Debug|Any CPU
		{F679A98B-01EE-4A7F-8D56-F0DED48450AF}.Debug|ARM.Build.0 = Debug|Any CPU
		{F679A98B-01EE-4A7F-8D56-F0DED48450AF}.Debug|Mixed Platforms.ActiveCfg = Debug|Any CPU
		{F679A98B-01EE-4A7F-8D56-F0DED48450AF}.Debug|Mixed Platforms.Build.0 = Debug|Any CPU
		{F679A98B-01EE-4A7F-8D56-F0DED48450AF}.Debug|x64.ActiveCfg = Debug|Any CPU
		{F679A98B-01EE-4A7F-8D56-F0DED48450AF}.Debug|x64.Build.0 = Debug|Any CPU
		{F679A98B-01EE-4A7F-8D56-F0DED48450AF}.Debug|x86.ActiveCfg = Debug|Any CPU
		{F679A98B-01EE-4A7F-8D56-F0DED48450AF}.Debug|x86.Build.0 = Debug|Any CPU
		{F679A98B-01EE-4A7F-8D56-F0DED48450AF}.Release|Any CPU.ActiveCfg = Release|Any CPU
		{F679A98B-01EE-4A7F-8D56-F0DED48450AF}.Release|Any CPU.Build.0 = Release|Any CPU
		{F679A98B-01EE-4A7F-8D56-F0DED48450AF}.Release|ARM.ActiveCfg = Release|Any CPU
		{F679A98B-01EE-4A7F-8D56-F0DED48450AF}.Release|ARM.Build.0 = Release|Any CPU
		{F679A98B-01EE-4A7F-8D56-F0DED48450AF}.Release|Mixed Platforms.ActiveCfg = Release|Any CPU
		{F679A98B-01EE-4A7F-8D56-F0DED48450AF}.Release|Mixed Platforms.Build.0 = Release|Any CPU
		{F679A98B-01EE-4A7F-8D56-F0DED48450AF}.Release|x64.ActiveCfg = Release|Any CPU
		{F679A98B-01EE-4A7F-8D56-F0DED48450AF}.Release|x64.Build.0 = Release|Any CPU
		{F679A98B-01EE-4A7F-8D56-F0DED48450AF}.Release|x86.ActiveCfg = Release|Any CPU
		{F679A98B-01EE-4A7F-8D56-F0DED48450AF}.Release|x86.Build.0 = Release|Any CPU
		{8D4F57AB-BA7E-446F-BBE3-9F2AEA42969D}.Debug|Any CPU.ActiveCfg = Debug|Any CPU
		{8D4F57AB-BA7E-446F-BBE3-9F2AEA42969D}.Debug|Any CPU.Build.0 = Debug|Any CPU
		{8D4F57AB-BA7E-446F-BBE3-9F2AEA42969D}.Debug|ARM.ActiveCfg = Debug|Any CPU
		{8D4F57AB-BA7E-446F-BBE3-9F2AEA42969D}.Debug|ARM.Build.0 = Debug|Any CPU
		{8D4F57AB-BA7E-446F-BBE3-9F2AEA42969D}.Debug|Mixed Platforms.ActiveCfg = Debug|Any CPU
		{8D4F57AB-BA7E-446F-BBE3-9F2AEA42969D}.Debug|Mixed Platforms.Build.0 = Debug|Any CPU
		{8D4F57AB-BA7E-446F-BBE3-9F2AEA42969D}.Debug|x64.ActiveCfg = Debug|Any CPU
		{8D4F57AB-BA7E-446F-BBE3-9F2AEA42969D}.Debug|x64.Build.0 = Debug|Any CPU
		{8D4F57AB-BA7E-446F-BBE3-9F2AEA42969D}.Debug|x86.ActiveCfg = Debug|Any CPU
		{8D4F57AB-BA7E-446F-BBE3-9F2AEA42969D}.Debug|x86.Build.0 = Debug|Any CPU
		{8D4F57AB-BA7E-446F-BBE3-9F2AEA42969D}.Release|Any CPU.ActiveCfg = Release|Any CPU
		{8D4F57AB-BA7E-446F-BBE3-9F2AEA42969D}.Release|Any CPU.Build.0 = Release|Any CPU
		{8D4F57AB-BA7E-446F-BBE3-9F2AEA42969D}.Release|ARM.ActiveCfg = Release|Any CPU
		{8D4F57AB-BA7E-446F-BBE3-9F2AEA42969D}.Release|ARM.Build.0 = Release|Any CPU
		{8D4F57AB-BA7E-446F-BBE3-9F2AEA42969D}.Release|Mixed Platforms.ActiveCfg = Release|Any CPU
		{8D4F57AB-BA7E-446F-BBE3-9F2AEA42969D}.Release|Mixed Platforms.Build.0 = Release|Any CPU
		{8D4F57AB-BA7E-446F-BBE3-9F2AEA42969D}.Release|x64.ActiveCfg = Release|Any CPU
		{8D4F57AB-BA7E-446F-BBE3-9F2AEA42969D}.Release|x64.Build.0 = Release|Any CPU
		{8D4F57AB-BA7E-446F-BBE3-9F2AEA42969D}.Release|x86.ActiveCfg = Release|Any CPU
		{8D4F57AB-BA7E-446F-BBE3-9F2AEA42969D}.Release|x86.Build.0 = Release|Any CPU
		{C69F8A59-0196-4819-84AE-528BA8E32F59}.Debug|Any CPU.ActiveCfg = Debug|Any CPU
		{C69F8A59-0196-4819-84AE-528BA8E32F59}.Debug|Any CPU.Build.0 = Debug|Any CPU
		{C69F8A59-0196-4819-84AE-528BA8E32F59}.Debug|ARM.ActiveCfg = Debug|Any CPU
		{C69F8A59-0196-4819-84AE-528BA8E32F59}.Debug|ARM.Build.0 = Debug|Any CPU
		{C69F8A59-0196-4819-84AE-528BA8E32F59}.Debug|Mixed Platforms.ActiveCfg = Debug|Any CPU
		{C69F8A59-0196-4819-84AE-528BA8E32F59}.Debug|Mixed Platforms.Build.0 = Debug|Any CPU
		{C69F8A59-0196-4819-84AE-528BA8E32F59}.Debug|x64.ActiveCfg = Debug|Any CPU
		{C69F8A59-0196-4819-84AE-528BA8E32F59}.Debug|x64.Build.0 = Debug|Any CPU
		{C69F8A59-0196-4819-84AE-528BA8E32F59}.Debug|x86.ActiveCfg = Debug|Any CPU
		{C69F8A59-0196-4819-84AE-528BA8E32F59}.Debug|x86.Build.0 = Debug|Any CPU
		{C69F8A59-0196-4819-84AE-528BA8E32F59}.Release|Any CPU.ActiveCfg = Release|Any CPU
		{C69F8A59-0196-4819-84AE-528BA8E32F59}.Release|Any CPU.Build.0 = Release|Any CPU
		{C69F8A59-0196-4819-84AE-528BA8E32F59}.Release|ARM.ActiveCfg = Release|Any CPU
		{C69F8A59-0196-4819-84AE-528BA8E32F59}.Release|ARM.Build.0 = Release|Any CPU
		{C69F8A59-0196-4819-84AE-528BA8E32F59}.Release|Mixed Platforms.ActiveCfg = Release|Any CPU
		{C69F8A59-0196-4819-84AE-528BA8E32F59}.Release|Mixed Platforms.Build.0 = Release|Any CPU
		{C69F8A59-0196-4819-84AE-528BA8E32F59}.Release|x64.ActiveCfg = Release|Any CPU
		{C69F8A59-0196-4819-84AE-528BA8E32F59}.Release|x64.Build.0 = Release|Any CPU
		{C69F8A59-0196-4819-84AE-528BA8E32F59}.Release|x86.ActiveCfg = Release|Any CPU
		{C69F8A59-0196-4819-84AE-528BA8E32F59}.Release|x86.Build.0 = Release|Any CPU
		{2B2B4180-5093-4A29-BE59-4D672648988D}.Debug|Any CPU.ActiveCfg = Debug|Any CPU
		{2B2B4180-5093-4A29-BE59-4D672648988D}.Debug|Any CPU.Build.0 = Debug|Any CPU
		{2B2B4180-5093-4A29-BE59-4D672648988D}.Debug|ARM.ActiveCfg = Debug|Any CPU
		{2B2B4180-5093-4A29-BE59-4D672648988D}.Debug|ARM.Build.0 = Debug|Any CPU
		{2B2B4180-5093-4A29-BE59-4D672648988D}.Debug|Mixed Platforms.ActiveCfg = Debug|Any CPU
		{2B2B4180-5093-4A29-BE59-4D672648988D}.Debug|Mixed Platforms.Build.0 = Debug|Any CPU
		{2B2B4180-5093-4A29-BE59-4D672648988D}.Debug|x64.ActiveCfg = Debug|Any CPU
		{2B2B4180-5093-4A29-BE59-4D672648988D}.Debug|x64.Build.0 = Debug|Any CPU
		{2B2B4180-5093-4A29-BE59-4D672648988D}.Debug|x86.ActiveCfg = Debug|Any CPU
		{2B2B4180-5093-4A29-BE59-4D672648988D}.Debug|x86.Build.0 = Debug|Any CPU
		{2B2B4180-5093-4A29-BE59-4D672648988D}.Release|Any CPU.ActiveCfg = Release|Any CPU
		{2B2B4180-5093-4A29-BE59-4D672648988D}.Release|Any CPU.Build.0 = Release|Any CPU
		{2B2B4180-5093-4A29-BE59-4D672648988D}.Release|ARM.ActiveCfg = Release|Any CPU
		{2B2B4180-5093-4A29-BE59-4D672648988D}.Release|ARM.Build.0 = Release|Any CPU
		{2B2B4180-5093-4A29-BE59-4D672648988D}.Release|Mixed Platforms.ActiveCfg = Release|Any CPU
		{2B2B4180-5093-4A29-BE59-4D672648988D}.Release|Mixed Platforms.Build.0 = Release|Any CPU
		{2B2B4180-5093-4A29-BE59-4D672648988D}.Release|x64.ActiveCfg = Release|Any CPU
		{2B2B4180-5093-4A29-BE59-4D672648988D}.Release|x64.Build.0 = Release|Any CPU
		{2B2B4180-5093-4A29-BE59-4D672648988D}.Release|x86.ActiveCfg = Release|Any CPU
		{2B2B4180-5093-4A29-BE59-4D672648988D}.Release|x86.Build.0 = Release|Any CPU
		{176EBF02-2238-4056-9422-CFAA46FFED61}.Debug|Any CPU.ActiveCfg = Debug|Any CPU
		{176EBF02-2238-4056-9422-CFAA46FFED61}.Debug|Any CPU.Build.0 = Debug|Any CPU
		{176EBF02-2238-4056-9422-CFAA46FFED61}.Debug|ARM.ActiveCfg = Debug|Any CPU
		{176EBF02-2238-4056-9422-CFAA46FFED61}.Debug|ARM.Build.0 = Debug|Any CPU
		{176EBF02-2238-4056-9422-CFAA46FFED61}.Debug|Mixed Platforms.ActiveCfg = Debug|Any CPU
		{176EBF02-2238-4056-9422-CFAA46FFED61}.Debug|Mixed Platforms.Build.0 = Debug|Any CPU
		{176EBF02-2238-4056-9422-CFAA46FFED61}.Debug|x64.ActiveCfg = Debug|Any CPU
		{176EBF02-2238-4056-9422-CFAA46FFED61}.Debug|x64.Build.0 = Debug|Any CPU
		{176EBF02-2238-4056-9422-CFAA46FFED61}.Debug|x86.ActiveCfg = Debug|Any CPU
		{176EBF02-2238-4056-9422-CFAA46FFED61}.Debug|x86.Build.0 = Debug|Any CPU
		{176EBF02-2238-4056-9422-CFAA46FFED61}.Release|Any CPU.ActiveCfg = Release|Any CPU
		{176EBF02-2238-4056-9422-CFAA46FFED61}.Release|Any CPU.Build.0 = Release|Any CPU
		{176EBF02-2238-4056-9422-CFAA46FFED61}.Release|ARM.ActiveCfg = Release|Any CPU
		{176EBF02-2238-4056-9422-CFAA46FFED61}.Release|ARM.Build.0 = Release|Any CPU
		{176EBF02-2238-4056-9422-CFAA46FFED61}.Release|Mixed Platforms.ActiveCfg = Release|Any CPU
		{176EBF02-2238-4056-9422-CFAA46FFED61}.Release|Mixed Platforms.Build.0 = Release|Any CPU
		{176EBF02-2238-4056-9422-CFAA46FFED61}.Release|x64.ActiveCfg = Release|Any CPU
		{176EBF02-2238-4056-9422-CFAA46FFED61}.Release|x64.Build.0 = Release|Any CPU
		{176EBF02-2238-4056-9422-CFAA46FFED61}.Release|x86.ActiveCfg = Release|Any CPU
		{176EBF02-2238-4056-9422-CFAA46FFED61}.Release|x86.Build.0 = Release|Any CPU
		{B16EB9F6-CCA5-4322-8DCF-07706C518600}.Debug|Any CPU.ActiveCfg = Debug|Any CPU
		{B16EB9F6-CCA5-4322-8DCF-07706C518600}.Debug|Any CPU.Build.0 = Debug|Any CPU
		{B16EB9F6-CCA5-4322-8DCF-07706C518600}.Debug|ARM.ActiveCfg = Debug|Any CPU
		{B16EB9F6-CCA5-4322-8DCF-07706C518600}.Debug|ARM.Build.0 = Debug|Any CPU
		{B16EB9F6-CCA5-4322-8DCF-07706C518600}.Debug|Mixed Platforms.ActiveCfg = Debug|Any CPU
		{B16EB9F6-CCA5-4322-8DCF-07706C518600}.Debug|Mixed Platforms.Build.0 = Debug|Any CPU
		{B16EB9F6-CCA5-4322-8DCF-07706C518600}.Debug|x64.ActiveCfg = Debug|Any CPU
		{B16EB9F6-CCA5-4322-8DCF-07706C518600}.Debug|x64.Build.0 = Debug|Any CPU
		{B16EB9F6-CCA5-4322-8DCF-07706C518600}.Debug|x86.ActiveCfg = Debug|Any CPU
		{B16EB9F6-CCA5-4322-8DCF-07706C518600}.Debug|x86.Build.0 = Debug|Any CPU
		{B16EB9F6-CCA5-4322-8DCF-07706C518600}.Release|Any CPU.ActiveCfg = Release|Any CPU
		{B16EB9F6-CCA5-4322-8DCF-07706C518600}.Release|Any CPU.Build.0 = Release|Any CPU
		{B16EB9F6-CCA5-4322-8DCF-07706C518600}.Release|ARM.ActiveCfg = Release|Any CPU
		{B16EB9F6-CCA5-4322-8DCF-07706C518600}.Release|ARM.Build.0 = Release|Any CPU
		{B16EB9F6-CCA5-4322-8DCF-07706C518600}.Release|Mixed Platforms.ActiveCfg = Release|Any CPU
		{B16EB9F6-CCA5-4322-8DCF-07706C518600}.Release|Mixed Platforms.Build.0 = Release|Any CPU
		{B16EB9F6-CCA5-4322-8DCF-07706C518600}.Release|x64.ActiveCfg = Release|Any CPU
		{B16EB9F6-CCA5-4322-8DCF-07706C518600}.Release|x64.Build.0 = Release|Any CPU
		{B16EB9F6-CCA5-4322-8DCF-07706C518600}.Release|x86.ActiveCfg = Release|Any CPU
		{B16EB9F6-CCA5-4322-8DCF-07706C518600}.Release|x86.Build.0 = Release|Any CPU
		{082CF8D4-9138-4CD3-AC39-076E5AF57B18}.Debug|Any CPU.ActiveCfg = Debug|Any CPU
		{082CF8D4-9138-4CD3-AC39-076E5AF57B18}.Debug|Any CPU.Build.0 = Debug|Any CPU
		{082CF8D4-9138-4CD3-AC39-076E5AF57B18}.Debug|ARM.ActiveCfg = Debug|Any CPU
		{082CF8D4-9138-4CD3-AC39-076E5AF57B18}.Debug|ARM.Build.0 = Debug|Any CPU
		{082CF8D4-9138-4CD3-AC39-076E5AF57B18}.Debug|Mixed Platforms.ActiveCfg = Debug|Any CPU
		{082CF8D4-9138-4CD3-AC39-076E5AF57B18}.Debug|Mixed Platforms.Build.0 = Debug|Any CPU
		{082CF8D4-9138-4CD3-AC39-076E5AF57B18}.Debug|x64.ActiveCfg = Debug|Any CPU
		{082CF8D4-9138-4CD3-AC39-076E5AF57B18}.Debug|x64.Build.0 = Debug|Any CPU
		{082CF8D4-9138-4CD3-AC39-076E5AF57B18}.Debug|x86.ActiveCfg = Debug|Any CPU
		{082CF8D4-9138-4CD3-AC39-076E5AF57B18}.Debug|x86.Build.0 = Debug|Any CPU
		{082CF8D4-9138-4CD3-AC39-076E5AF57B18}.Release|Any CPU.ActiveCfg = Release|Any CPU
		{082CF8D4-9138-4CD3-AC39-076E5AF57B18}.Release|Any CPU.Build.0 = Release|Any CPU
		{082CF8D4-9138-4CD3-AC39-076E5AF57B18}.Release|ARM.ActiveCfg = Release|Any CPU
		{082CF8D4-9138-4CD3-AC39-076E5AF57B18}.Release|ARM.Build.0 = Release|Any CPU
		{082CF8D4-9138-4CD3-AC39-076E5AF57B18}.Release|Mixed Platforms.ActiveCfg = Release|Any CPU
		{082CF8D4-9138-4CD3-AC39-076E5AF57B18}.Release|Mixed Platforms.Build.0 = Release|Any CPU
		{082CF8D4-9138-4CD3-AC39-076E5AF57B18}.Release|x64.ActiveCfg = Release|Any CPU
		{082CF8D4-9138-4CD3-AC39-076E5AF57B18}.Release|x64.Build.0 = Release|Any CPU
		{082CF8D4-9138-4CD3-AC39-076E5AF57B18}.Release|x86.ActiveCfg = Release|Any CPU
		{082CF8D4-9138-4CD3-AC39-076E5AF57B18}.Release|x86.Build.0 = Release|Any CPU
		{C039A778-7584-48EA-BC37-C8950FB54217}.Debug|Any CPU.ActiveCfg = Debug|Any CPU
		{C039A778-7584-48EA-BC37-C8950FB54217}.Debug|Any CPU.Build.0 = Debug|Any CPU
		{C039A778-7584-48EA-BC37-C8950FB54217}.Debug|ARM.ActiveCfg = Debug|Any CPU
		{C039A778-7584-48EA-BC37-C8950FB54217}.Debug|ARM.Build.0 = Debug|Any CPU
		{C039A778-7584-48EA-BC37-C8950FB54217}.Debug|Mixed Platforms.ActiveCfg = Debug|Any CPU
		{C039A778-7584-48EA-BC37-C8950FB54217}.Debug|Mixed Platforms.Build.0 = Debug|Any CPU
		{C039A778-7584-48EA-BC37-C8950FB54217}.Debug|x64.ActiveCfg = Debug|Any CPU
		{C039A778-7584-48EA-BC37-C8950FB54217}.Debug|x64.Build.0 = Debug|Any CPU
		{C039A778-7584-48EA-BC37-C8950FB54217}.Debug|x86.ActiveCfg = Debug|Any CPU
		{C039A778-7584-48EA-BC37-C8950FB54217}.Debug|x86.Build.0 = Debug|Any CPU
		{C039A778-7584-48EA-BC37-C8950FB54217}.Release|Any CPU.ActiveCfg = Release|Any CPU
		{C039A778-7584-48EA-BC37-C8950FB54217}.Release|Any CPU.Build.0 = Release|Any CPU
		{C039A778-7584-48EA-BC37-C8950FB54217}.Release|ARM.ActiveCfg = Release|Any CPU
		{C039A778-7584-48EA-BC37-C8950FB54217}.Release|ARM.Build.0 = Release|Any CPU
		{C039A778-7584-48EA-BC37-C8950FB54217}.Release|Mixed Platforms.ActiveCfg = Release|Any CPU
		{C039A778-7584-48EA-BC37-C8950FB54217}.Release|Mixed Platforms.Build.0 = Release|Any CPU
		{C039A778-7584-48EA-BC37-C8950FB54217}.Release|x64.ActiveCfg = Release|Any CPU
		{C039A778-7584-48EA-BC37-C8950FB54217}.Release|x64.Build.0 = Release|Any CPU
		{C039A778-7584-48EA-BC37-C8950FB54217}.Release|x86.ActiveCfg = Release|Any CPU
		{C039A778-7584-48EA-BC37-C8950FB54217}.Release|x86.Build.0 = Release|Any CPU
		{80883393-3EC5-4706-B9F5-4A6F6F8EB993}.Debug|Any CPU.ActiveCfg = Debug|Any CPU
		{80883393-3EC5-4706-B9F5-4A6F6F8EB993}.Debug|Any CPU.Build.0 = Debug|Any CPU
		{80883393-3EC5-4706-B9F5-4A6F6F8EB993}.Debug|ARM.ActiveCfg = Debug|Any CPU
		{80883393-3EC5-4706-B9F5-4A6F6F8EB993}.Debug|ARM.Build.0 = Debug|Any CPU
		{80883393-3EC5-4706-B9F5-4A6F6F8EB993}.Debug|Mixed Platforms.ActiveCfg = Debug|Any CPU
		{80883393-3EC5-4706-B9F5-4A6F6F8EB993}.Debug|Mixed Platforms.Build.0 = Debug|Any CPU
		{80883393-3EC5-4706-B9F5-4A6F6F8EB993}.Debug|x64.ActiveCfg = Debug|Any CPU
		{80883393-3EC5-4706-B9F5-4A6F6F8EB993}.Debug|x64.Build.0 = Debug|Any CPU
		{80883393-3EC5-4706-B9F5-4A6F6F8EB993}.Debug|x86.ActiveCfg = Debug|Any CPU
		{80883393-3EC5-4706-B9F5-4A6F6F8EB993}.Debug|x86.Build.0 = Debug|Any CPU
		{80883393-3EC5-4706-B9F5-4A6F6F8EB993}.Release|Any CPU.ActiveCfg = Release|Any CPU
		{80883393-3EC5-4706-B9F5-4A6F6F8EB993}.Release|Any CPU.Build.0 = Release|Any CPU
		{80883393-3EC5-4706-B9F5-4A6F6F8EB993}.Release|ARM.ActiveCfg = Release|Any CPU
		{80883393-3EC5-4706-B9F5-4A6F6F8EB993}.Release|ARM.Build.0 = Release|Any CPU
		{80883393-3EC5-4706-B9F5-4A6F6F8EB993}.Release|Mixed Platforms.ActiveCfg = Release|Any CPU
		{80883393-3EC5-4706-B9F5-4A6F6F8EB993}.Release|Mixed Platforms.Build.0 = Release|Any CPU
		{80883393-3EC5-4706-B9F5-4A6F6F8EB993}.Release|x64.ActiveCfg = Release|Any CPU
		{80883393-3EC5-4706-B9F5-4A6F6F8EB993}.Release|x64.Build.0 = Release|Any CPU
		{80883393-3EC5-4706-B9F5-4A6F6F8EB993}.Release|x86.ActiveCfg = Release|Any CPU
		{80883393-3EC5-4706-B9F5-4A6F6F8EB993}.Release|x86.Build.0 = Release|Any CPU
		{7AFBA257-9E7B-41E0-8F94-9495AC1EB78A}.Debug|Any CPU.ActiveCfg = Debug|Any CPU
		{7AFBA257-9E7B-41E0-8F94-9495AC1EB78A}.Debug|Any CPU.Build.0 = Debug|Any CPU
		{7AFBA257-9E7B-41E0-8F94-9495AC1EB78A}.Debug|ARM.ActiveCfg = Debug|Any CPU
		{7AFBA257-9E7B-41E0-8F94-9495AC1EB78A}.Debug|ARM.Build.0 = Debug|Any CPU
		{7AFBA257-9E7B-41E0-8F94-9495AC1EB78A}.Debug|Mixed Platforms.ActiveCfg = Debug|Any CPU
		{7AFBA257-9E7B-41E0-8F94-9495AC1EB78A}.Debug|Mixed Platforms.Build.0 = Debug|Any CPU
		{7AFBA257-9E7B-41E0-8F94-9495AC1EB78A}.Debug|x64.ActiveCfg = Debug|Any CPU
		{7AFBA257-9E7B-41E0-8F94-9495AC1EB78A}.Debug|x64.Build.0 = Debug|Any CPU
		{7AFBA257-9E7B-41E0-8F94-9495AC1EB78A}.Debug|x86.ActiveCfg = Debug|Any CPU
		{7AFBA257-9E7B-41E0-8F94-9495AC1EB78A}.Debug|x86.Build.0 = Debug|Any CPU
		{7AFBA257-9E7B-41E0-8F94-9495AC1EB78A}.Release|Any CPU.ActiveCfg = Release|Any CPU
		{7AFBA257-9E7B-41E0-8F94-9495AC1EB78A}.Release|Any CPU.Build.0 = Release|Any CPU
		{7AFBA257-9E7B-41E0-8F94-9495AC1EB78A}.Release|ARM.ActiveCfg = Release|Any CPU
		{7AFBA257-9E7B-41E0-8F94-9495AC1EB78A}.Release|ARM.Build.0 = Release|Any CPU
		{7AFBA257-9E7B-41E0-8F94-9495AC1EB78A}.Release|Mixed Platforms.ActiveCfg = Release|Any CPU
		{7AFBA257-9E7B-41E0-8F94-9495AC1EB78A}.Release|Mixed Platforms.Build.0 = Release|Any CPU
		{7AFBA257-9E7B-41E0-8F94-9495AC1EB78A}.Release|x64.ActiveCfg = Release|Any CPU
		{7AFBA257-9E7B-41E0-8F94-9495AC1EB78A}.Release|x64.Build.0 = Release|Any CPU
		{7AFBA257-9E7B-41E0-8F94-9495AC1EB78A}.Release|x86.ActiveCfg = Release|Any CPU
		{7AFBA257-9E7B-41E0-8F94-9495AC1EB78A}.Release|x86.Build.0 = Release|Any CPU
		{5D6144FE-FC31-4A55-BA94-62FEB6995EA1}.Debug|Any CPU.ActiveCfg = Debug|Any CPU
		{5D6144FE-FC31-4A55-BA94-62FEB6995EA1}.Debug|Any CPU.Build.0 = Debug|Any CPU
		{5D6144FE-FC31-4A55-BA94-62FEB6995EA1}.Debug|ARM.ActiveCfg = Debug|Any CPU
		{5D6144FE-FC31-4A55-BA94-62FEB6995EA1}.Debug|ARM.Build.0 = Debug|Any CPU
		{5D6144FE-FC31-4A55-BA94-62FEB6995EA1}.Debug|Mixed Platforms.ActiveCfg = Debug|Any CPU
		{5D6144FE-FC31-4A55-BA94-62FEB6995EA1}.Debug|Mixed Platforms.Build.0 = Debug|Any CPU
		{5D6144FE-FC31-4A55-BA94-62FEB6995EA1}.Debug|x64.ActiveCfg = Debug|Any CPU
		{5D6144FE-FC31-4A55-BA94-62FEB6995EA1}.Debug|x64.Build.0 = Debug|Any CPU
		{5D6144FE-FC31-4A55-BA94-62FEB6995EA1}.Debug|x86.ActiveCfg = Debug|Any CPU
		{5D6144FE-FC31-4A55-BA94-62FEB6995EA1}.Debug|x86.Build.0 = Debug|Any CPU
		{5D6144FE-FC31-4A55-BA94-62FEB6995EA1}.Release|Any CPU.ActiveCfg = Release|Any CPU
		{5D6144FE-FC31-4A55-BA94-62FEB6995EA1}.Release|Any CPU.Build.0 = Release|Any CPU
		{5D6144FE-FC31-4A55-BA94-62FEB6995EA1}.Release|ARM.ActiveCfg = Release|Any CPU
		{5D6144FE-FC31-4A55-BA94-62FEB6995EA1}.Release|ARM.Build.0 = Release|Any CPU
		{5D6144FE-FC31-4A55-BA94-62FEB6995EA1}.Release|Mixed Platforms.ActiveCfg = Release|Any CPU
		{5D6144FE-FC31-4A55-BA94-62FEB6995EA1}.Release|Mixed Platforms.Build.0 = Release|Any CPU
		{5D6144FE-FC31-4A55-BA94-62FEB6995EA1}.Release|x64.ActiveCfg = Release|Any CPU
		{5D6144FE-FC31-4A55-BA94-62FEB6995EA1}.Release|x64.Build.0 = Release|Any CPU
		{5D6144FE-FC31-4A55-BA94-62FEB6995EA1}.Release|x86.ActiveCfg = Release|Any CPU
		{5D6144FE-FC31-4A55-BA94-62FEB6995EA1}.Release|x86.Build.0 = Release|Any CPU
		{8B413828-D2DE-46F2-8123-8B9B4D2EC8CD}.Debug|Any CPU.ActiveCfg = Debug|Any CPU
		{8B413828-D2DE-46F2-8123-8B9B4D2EC8CD}.Debug|Any CPU.Build.0 = Debug|Any CPU
		{8B413828-D2DE-46F2-8123-8B9B4D2EC8CD}.Debug|ARM.ActiveCfg = Debug|Any CPU
		{8B413828-D2DE-46F2-8123-8B9B4D2EC8CD}.Debug|ARM.Build.0 = Debug|Any CPU
		{8B413828-D2DE-46F2-8123-8B9B4D2EC8CD}.Debug|Mixed Platforms.ActiveCfg = Debug|Any CPU
		{8B413828-D2DE-46F2-8123-8B9B4D2EC8CD}.Debug|Mixed Platforms.Build.0 = Debug|Any CPU
		{8B413828-D2DE-46F2-8123-8B9B4D2EC8CD}.Debug|x64.ActiveCfg = Debug|Any CPU
		{8B413828-D2DE-46F2-8123-8B9B4D2EC8CD}.Debug|x64.Build.0 = Debug|Any CPU
		{8B413828-D2DE-46F2-8123-8B9B4D2EC8CD}.Debug|x86.ActiveCfg = Debug|Any CPU
		{8B413828-D2DE-46F2-8123-8B9B4D2EC8CD}.Debug|x86.Build.0 = Debug|Any CPU
		{8B413828-D2DE-46F2-8123-8B9B4D2EC8CD}.Release|Any CPU.ActiveCfg = Release|Any CPU
		{8B413828-D2DE-46F2-8123-8B9B4D2EC8CD}.Release|Any CPU.Build.0 = Release|Any CPU
		{8B413828-D2DE-46F2-8123-8B9B4D2EC8CD}.Release|ARM.ActiveCfg = Release|Any CPU
		{8B413828-D2DE-46F2-8123-8B9B4D2EC8CD}.Release|ARM.Build.0 = Release|Any CPU
		{8B413828-D2DE-46F2-8123-8B9B4D2EC8CD}.Release|Mixed Platforms.ActiveCfg = Release|Any CPU
		{8B413828-D2DE-46F2-8123-8B9B4D2EC8CD}.Release|Mixed Platforms.Build.0 = Release|Any CPU
		{8B413828-D2DE-46F2-8123-8B9B4D2EC8CD}.Release|x64.ActiveCfg = Release|Any CPU
		{8B413828-D2DE-46F2-8123-8B9B4D2EC8CD}.Release|x64.Build.0 = Release|Any CPU
		{8B413828-D2DE-46F2-8123-8B9B4D2EC8CD}.Release|x86.ActiveCfg = Release|Any CPU
		{8B413828-D2DE-46F2-8123-8B9B4D2EC8CD}.Release|x86.Build.0 = Release|Any CPU
		{FD523F4D-0E7E-4D5F-A5C6-12C643E7CE97}.Debug|Any CPU.ActiveCfg = Debug|Any CPU
		{FD523F4D-0E7E-4D5F-A5C6-12C643E7CE97}.Debug|Any CPU.Build.0 = Debug|Any CPU
		{FD523F4D-0E7E-4D5F-A5C6-12C643E7CE97}.Debug|ARM.ActiveCfg = Debug|Any CPU
		{FD523F4D-0E7E-4D5F-A5C6-12C643E7CE97}.Debug|ARM.Build.0 = Debug|Any CPU
		{FD523F4D-0E7E-4D5F-A5C6-12C643E7CE97}.Debug|Mixed Platforms.ActiveCfg = Debug|Any CPU
		{FD523F4D-0E7E-4D5F-A5C6-12C643E7CE97}.Debug|Mixed Platforms.Build.0 = Debug|Any CPU
		{FD523F4D-0E7E-4D5F-A5C6-12C643E7CE97}.Debug|x64.ActiveCfg = Debug|Any CPU
		{FD523F4D-0E7E-4D5F-A5C6-12C643E7CE97}.Debug|x64.Build.0 = Debug|Any CPU
		{FD523F4D-0E7E-4D5F-A5C6-12C643E7CE97}.Debug|x86.ActiveCfg = Debug|Any CPU
		{FD523F4D-0E7E-4D5F-A5C6-12C643E7CE97}.Debug|x86.Build.0 = Debug|Any CPU
		{FD523F4D-0E7E-4D5F-A5C6-12C643E7CE97}.Release|Any CPU.ActiveCfg = Release|Any CPU
		{FD523F4D-0E7E-4D5F-A5C6-12C643E7CE97}.Release|Any CPU.Build.0 = Release|Any CPU
		{FD523F4D-0E7E-4D5F-A5C6-12C643E7CE97}.Release|ARM.ActiveCfg = Release|Any CPU
		{FD523F4D-0E7E-4D5F-A5C6-12C643E7CE97}.Release|ARM.Build.0 = Release|Any CPU
		{FD523F4D-0E7E-4D5F-A5C6-12C643E7CE97}.Release|Mixed Platforms.ActiveCfg = Release|Any CPU
		{FD523F4D-0E7E-4D5F-A5C6-12C643E7CE97}.Release|Mixed Platforms.Build.0 = Release|Any CPU
		{FD523F4D-0E7E-4D5F-A5C6-12C643E7CE97}.Release|x64.ActiveCfg = Release|Any CPU
		{FD523F4D-0E7E-4D5F-A5C6-12C643E7CE97}.Release|x64.Build.0 = Release|Any CPU
		{FD523F4D-0E7E-4D5F-A5C6-12C643E7CE97}.Release|x86.ActiveCfg = Release|Any CPU
		{FD523F4D-0E7E-4D5F-A5C6-12C643E7CE97}.Release|x86.Build.0 = Release|Any CPU
		{C7C25012-00FC-4475-8702-66C3634263B5}.Debug|Any CPU.ActiveCfg = Debug|Any CPU
		{C7C25012-00FC-4475-8702-66C3634263B5}.Debug|Any CPU.Build.0 = Debug|Any CPU
		{C7C25012-00FC-4475-8702-66C3634263B5}.Debug|ARM.ActiveCfg = Debug|Any CPU
		{C7C25012-00FC-4475-8702-66C3634263B5}.Debug|ARM.Build.0 = Debug|Any CPU
		{C7C25012-00FC-4475-8702-66C3634263B5}.Debug|Mixed Platforms.ActiveCfg = Debug|Any CPU
		{C7C25012-00FC-4475-8702-66C3634263B5}.Debug|Mixed Platforms.Build.0 = Debug|Any CPU
		{C7C25012-00FC-4475-8702-66C3634263B5}.Debug|x64.ActiveCfg = Debug|Any CPU
		{C7C25012-00FC-4475-8702-66C3634263B5}.Debug|x64.Build.0 = Debug|Any CPU
		{C7C25012-00FC-4475-8702-66C3634263B5}.Debug|x86.ActiveCfg = Debug|Any CPU
		{C7C25012-00FC-4475-8702-66C3634263B5}.Debug|x86.Build.0 = Debug|Any CPU
		{C7C25012-00FC-4475-8702-66C3634263B5}.Release|Any CPU.ActiveCfg = Release|Any CPU
		{C7C25012-00FC-4475-8702-66C3634263B5}.Release|Any CPU.Build.0 = Release|Any CPU
		{C7C25012-00FC-4475-8702-66C3634263B5}.Release|ARM.ActiveCfg = Release|Any CPU
		{C7C25012-00FC-4475-8702-66C3634263B5}.Release|ARM.Build.0 = Release|Any CPU
		{C7C25012-00FC-4475-8702-66C3634263B5}.Release|Mixed Platforms.ActiveCfg = Release|Any CPU
		{C7C25012-00FC-4475-8702-66C3634263B5}.Release|Mixed Platforms.Build.0 = Release|Any CPU
		{C7C25012-00FC-4475-8702-66C3634263B5}.Release|x64.ActiveCfg = Release|Any CPU
		{C7C25012-00FC-4475-8702-66C3634263B5}.Release|x64.Build.0 = Release|Any CPU
		{C7C25012-00FC-4475-8702-66C3634263B5}.Release|x86.ActiveCfg = Release|Any CPU
		{C7C25012-00FC-4475-8702-66C3634263B5}.Release|x86.Build.0 = Release|Any CPU
		{E93C0E7D-6C96-4B91-93F2-25A1DFB2D37A}.Debug|Any CPU.ActiveCfg = Debug|Any CPU
		{E93C0E7D-6C96-4B91-93F2-25A1DFB2D37A}.Debug|Any CPU.Build.0 = Debug|Any CPU
		{E93C0E7D-6C96-4B91-93F2-25A1DFB2D37A}.Debug|ARM.ActiveCfg = Debug|Any CPU
		{E93C0E7D-6C96-4B91-93F2-25A1DFB2D37A}.Debug|ARM.Build.0 = Debug|Any CPU
		{E93C0E7D-6C96-4B91-93F2-25A1DFB2D37A}.Debug|Mixed Platforms.ActiveCfg = Debug|Any CPU
		{E93C0E7D-6C96-4B91-93F2-25A1DFB2D37A}.Debug|Mixed Platforms.Build.0 = Debug|Any CPU
		{E93C0E7D-6C96-4B91-93F2-25A1DFB2D37A}.Debug|x64.ActiveCfg = Debug|Any CPU
		{E93C0E7D-6C96-4B91-93F2-25A1DFB2D37A}.Debug|x64.Build.0 = Debug|Any CPU
		{E93C0E7D-6C96-4B91-93F2-25A1DFB2D37A}.Debug|x86.ActiveCfg = Debug|Any CPU
		{E93C0E7D-6C96-4B91-93F2-25A1DFB2D37A}.Debug|x86.Build.0 = Debug|Any CPU
		{E93C0E7D-6C96-4B91-93F2-25A1DFB2D37A}.Release|Any CPU.ActiveCfg = Release|Any CPU
		{E93C0E7D-6C96-4B91-93F2-25A1DFB2D37A}.Release|Any CPU.Build.0 = Release|Any CPU
		{E93C0E7D-6C96-4B91-93F2-25A1DFB2D37A}.Release|ARM.ActiveCfg = Release|Any CPU
		{E93C0E7D-6C96-4B91-93F2-25A1DFB2D37A}.Release|ARM.Build.0 = Release|Any CPU
		{E93C0E7D-6C96-4B91-93F2-25A1DFB2D37A}.Release|Mixed Platforms.ActiveCfg = Release|Any CPU
		{E93C0E7D-6C96-4B91-93F2-25A1DFB2D37A}.Release|Mixed Platforms.Build.0 = Release|Any CPU
		{E93C0E7D-6C96-4B91-93F2-25A1DFB2D37A}.Release|x64.ActiveCfg = Release|Any CPU
		{E93C0E7D-6C96-4B91-93F2-25A1DFB2D37A}.Release|x64.Build.0 = Release|Any CPU
		{E93C0E7D-6C96-4B91-93F2-25A1DFB2D37A}.Release|x86.ActiveCfg = Release|Any CPU
		{E93C0E7D-6C96-4B91-93F2-25A1DFB2D37A}.Release|x86.Build.0 = Release|Any CPU
		{036D1937-8390-458A-9CA7-3DAC879D3BA6}.Debug|Any CPU.ActiveCfg = Debug|Any CPU
		{036D1937-8390-458A-9CA7-3DAC879D3BA6}.Debug|Any CPU.Build.0 = Debug|Any CPU
		{036D1937-8390-458A-9CA7-3DAC879D3BA6}.Debug|ARM.ActiveCfg = Debug|Any CPU
		{036D1937-8390-458A-9CA7-3DAC879D3BA6}.Debug|ARM.Build.0 = Debug|Any CPU
		{036D1937-8390-458A-9CA7-3DAC879D3BA6}.Debug|Mixed Platforms.ActiveCfg = Debug|Any CPU
		{036D1937-8390-458A-9CA7-3DAC879D3BA6}.Debug|Mixed Platforms.Build.0 = Debug|Any CPU
		{036D1937-8390-458A-9CA7-3DAC879D3BA6}.Debug|x64.ActiveCfg = Debug|Any CPU
		{036D1937-8390-458A-9CA7-3DAC879D3BA6}.Debug|x64.Build.0 = Debug|Any CPU
		{036D1937-8390-458A-9CA7-3DAC879D3BA6}.Debug|x86.ActiveCfg = Debug|Any CPU
		{036D1937-8390-458A-9CA7-3DAC879D3BA6}.Debug|x86.Build.0 = Debug|Any CPU
		{036D1937-8390-458A-9CA7-3DAC879D3BA6}.Release|Any CPU.ActiveCfg = Release|Any CPU
		{036D1937-8390-458A-9CA7-3DAC879D3BA6}.Release|Any CPU.Build.0 = Release|Any CPU
		{036D1937-8390-458A-9CA7-3DAC879D3BA6}.Release|ARM.ActiveCfg = Release|Any CPU
		{036D1937-8390-458A-9CA7-3DAC879D3BA6}.Release|ARM.Build.0 = Release|Any CPU
		{036D1937-8390-458A-9CA7-3DAC879D3BA6}.Release|Mixed Platforms.ActiveCfg = Release|Any CPU
		{036D1937-8390-458A-9CA7-3DAC879D3BA6}.Release|Mixed Platforms.Build.0 = Release|Any CPU
		{036D1937-8390-458A-9CA7-3DAC879D3BA6}.Release|x64.ActiveCfg = Release|Any CPU
		{036D1937-8390-458A-9CA7-3DAC879D3BA6}.Release|x64.Build.0 = Release|Any CPU
		{036D1937-8390-458A-9CA7-3DAC879D3BA6}.Release|x86.ActiveCfg = Release|Any CPU
		{036D1937-8390-458A-9CA7-3DAC879D3BA6}.Release|x86.Build.0 = Release|Any CPU
		{77AD346E-0CB1-4E27-83CE-5AF2FF507D4D}.Debug|Any CPU.ActiveCfg = Debug|Any CPU
		{77AD346E-0CB1-4E27-83CE-5AF2FF507D4D}.Debug|Any CPU.Build.0 = Debug|Any CPU
		{77AD346E-0CB1-4E27-83CE-5AF2FF507D4D}.Debug|ARM.ActiveCfg = Debug|Any CPU
		{77AD346E-0CB1-4E27-83CE-5AF2FF507D4D}.Debug|ARM.Build.0 = Debug|Any CPU
		{77AD346E-0CB1-4E27-83CE-5AF2FF507D4D}.Debug|Mixed Platforms.ActiveCfg = Debug|Any CPU
		{77AD346E-0CB1-4E27-83CE-5AF2FF507D4D}.Debug|Mixed Platforms.Build.0 = Debug|Any CPU
		{77AD346E-0CB1-4E27-83CE-5AF2FF507D4D}.Debug|x64.ActiveCfg = Debug|Any CPU
		{77AD346E-0CB1-4E27-83CE-5AF2FF507D4D}.Debug|x64.Build.0 = Debug|Any CPU
		{77AD346E-0CB1-4E27-83CE-5AF2FF507D4D}.Debug|x86.ActiveCfg = Debug|Any CPU
		{77AD346E-0CB1-4E27-83CE-5AF2FF507D4D}.Debug|x86.Build.0 = Debug|Any CPU
		{77AD346E-0CB1-4E27-83CE-5AF2FF507D4D}.Release|Any CPU.ActiveCfg = Release|Any CPU
		{77AD346E-0CB1-4E27-83CE-5AF2FF507D4D}.Release|Any CPU.Build.0 = Release|Any CPU
		{77AD346E-0CB1-4E27-83CE-5AF2FF507D4D}.Release|ARM.ActiveCfg = Release|Any CPU
		{77AD346E-0CB1-4E27-83CE-5AF2FF507D4D}.Release|ARM.Build.0 = Release|Any CPU
		{77AD346E-0CB1-4E27-83CE-5AF2FF507D4D}.Release|Mixed Platforms.ActiveCfg = Release|Any CPU
		{77AD346E-0CB1-4E27-83CE-5AF2FF507D4D}.Release|Mixed Platforms.Build.0 = Release|Any CPU
		{77AD346E-0CB1-4E27-83CE-5AF2FF507D4D}.Release|x64.ActiveCfg = Release|Any CPU
		{77AD346E-0CB1-4E27-83CE-5AF2FF507D4D}.Release|x64.Build.0 = Release|Any CPU
		{77AD346E-0CB1-4E27-83CE-5AF2FF507D4D}.Release|x86.ActiveCfg = Release|Any CPU
		{77AD346E-0CB1-4E27-83CE-5AF2FF507D4D}.Release|x86.Build.0 = Release|Any CPU
		{4353F37F-E8DC-4276-B65F-40D45EE03897}.Debug|Any CPU.ActiveCfg = Debug|Any CPU
		{4353F37F-E8DC-4276-B65F-40D45EE03897}.Debug|Any CPU.Build.0 = Debug|Any CPU
		{4353F37F-E8DC-4276-B65F-40D45EE03897}.Debug|ARM.ActiveCfg = Debug|Any CPU
		{4353F37F-E8DC-4276-B65F-40D45EE03897}.Debug|ARM.Build.0 = Debug|Any CPU
		{4353F37F-E8DC-4276-B65F-40D45EE03897}.Debug|Mixed Platforms.ActiveCfg = Debug|Any CPU
		{4353F37F-E8DC-4276-B65F-40D45EE03897}.Debug|Mixed Platforms.Build.0 = Debug|Any CPU
		{4353F37F-E8DC-4276-B65F-40D45EE03897}.Debug|x64.ActiveCfg = Debug|Any CPU
		{4353F37F-E8DC-4276-B65F-40D45EE03897}.Debug|x64.Build.0 = Debug|Any CPU
		{4353F37F-E8DC-4276-B65F-40D45EE03897}.Debug|x86.ActiveCfg = Debug|Any CPU
		{4353F37F-E8DC-4276-B65F-40D45EE03897}.Debug|x86.Build.0 = Debug|Any CPU
		{4353F37F-E8DC-4276-B65F-40D45EE03897}.Release|Any CPU.ActiveCfg = Release|Any CPU
		{4353F37F-E8DC-4276-B65F-40D45EE03897}.Release|Any CPU.Build.0 = Release|Any CPU
		{4353F37F-E8DC-4276-B65F-40D45EE03897}.Release|ARM.ActiveCfg = Release|Any CPU
		{4353F37F-E8DC-4276-B65F-40D45EE03897}.Release|ARM.Build.0 = Release|Any CPU
		{4353F37F-E8DC-4276-B65F-40D45EE03897}.Release|Mixed Platforms.ActiveCfg = Release|Any CPU
		{4353F37F-E8DC-4276-B65F-40D45EE03897}.Release|Mixed Platforms.Build.0 = Release|Any CPU
		{4353F37F-E8DC-4276-B65F-40D45EE03897}.Release|x64.ActiveCfg = Release|Any CPU
		{4353F37F-E8DC-4276-B65F-40D45EE03897}.Release|x64.Build.0 = Release|Any CPU
		{4353F37F-E8DC-4276-B65F-40D45EE03897}.Release|x86.ActiveCfg = Release|Any CPU
		{4353F37F-E8DC-4276-B65F-40D45EE03897}.Release|x86.Build.0 = Release|Any CPU
	EndGlobalSection
	GlobalSection(SolutionProperties) = preSolution
		HideSolutionNode = FALSE
	EndGlobalSection
	GlobalSection(NestedProjects) = preSolution
		{699DA5DD-11EE-436B-A0AD-40ACB7E94EAD} = {B5FCDBD5-1279-4AFE-B752-7695B1F5F2CF}
		{8D4F57AB-BA7E-446F-BBE3-9F2AEA42969D} = {B5FCDBD5-1279-4AFE-B752-7695B1F5F2CF}
		{C69F8A59-0196-4819-84AE-528BA8E32F59} = {B5FCDBD5-1279-4AFE-B752-7695B1F5F2CF}
		{2B2B4180-5093-4A29-BE59-4D672648988D} = {0E870B29-09DB-43B4-A1DE-B0754EBED941}
		{082CF8D4-9138-4CD3-AC39-076E5AF57B18} = {664C373F-DAA4-4E03-B250-C64CDCA3C71E}
		{C039A778-7584-48EA-BC37-C8950FB54217} = {0E870B29-09DB-43B4-A1DE-B0754EBED941}
		{80883393-3EC5-4706-B9F5-4A6F6F8EB993} = {664C373F-DAA4-4E03-B250-C64CDCA3C71E}
		{7AFBA257-9E7B-41E0-8F94-9495AC1EB78A} = {30D6D91F-A671-4E73-A571-5614500FDE0B}
		{5D6144FE-FC31-4A55-BA94-62FEB6995EA1} = {30D6D91F-A671-4E73-A571-5614500FDE0B}
		{8B413828-D2DE-46F2-8123-8B9B4D2EC8CD} = {30D6D91F-A671-4E73-A571-5614500FDE0B}
		{FD523F4D-0E7E-4D5F-A5C6-12C643E7CE97} = {30D6D91F-A671-4E73-A571-5614500FDE0B}
		{C7C25012-00FC-4475-8702-66C3634263B5} = {30D6D91F-A671-4E73-A571-5614500FDE0B}
		{E93C0E7D-6C96-4B91-93F2-25A1DFB2D37A} = {30D6D91F-A671-4E73-A571-5614500FDE0B}
		{036D1937-8390-458A-9CA7-3DAC879D3BA6} = {30D6D91F-A671-4E73-A571-5614500FDE0B}
		{77AD346E-0CB1-4E27-83CE-5AF2FF507D4D} = {6181CA52-4D64-4166-BBCF-36FE5D13A2B3}
		{4353F37F-E8DC-4276-B65F-40D45EE03897} = {6181CA52-4D64-4166-BBCF-36FE5D13A2B3}
		{6181CA52-4D64-4166-BBCF-36FE5D13A2B3} = {B5FCDBD5-1279-4AFE-B752-7695B1F5F2CF}
	EndGlobalSection
EndGlobal
